// !$*UTF8*$!
{
	archiveVersion = 1;
	classes = {
	};
	objectVersion = 56;
	objects = {

/* Begin PBXBuildFile section */
		122075F72AEE8F980003215B /* ServiceViewController.swift in Sources */ = {isa = PBXBuildFile; fileRef = 122075F62AEE8F980003215B /* ServiceViewController.swift */; };
		1250B2D62AF6D76000F0288B /* MyBankViewController.swift in Sources */ = {isa = PBXBuildFile; fileRef = 1250B2D52AF6D76000F0288B /* MyBankViewController.swift */; };
		1250B2D82AF6E04400F0288B /* PaymentsViewController.swift in Sources */ = {isa = PBXBuildFile; fileRef = 1250B2D72AF6E04400F0288B /* PaymentsViewController.swift */; };
		1250B2DA2AF6E23400F0288B /* TransfersViewController.swift in Sources */ = {isa = PBXBuildFile; fileRef = 1250B2D92AF6E23400F0288B /* TransfersViewController.swift */; };
		1250B2DC2AF6E38A00F0288B /* ShopViewController.swift in Sources */ = {isa = PBXBuildFile; fileRef = 1250B2DB2AF6E38A00F0288B /* ShopViewController.swift */; };
		1250B2E42AF7D6DF00F0288B /* TravelViewController.swift in Sources */ = {isa = PBXBuildFile; fileRef = 1250B2E32AF7D6DF00F0288B /* TravelViewController.swift */; };
		1250B2E62AF7D6EA00F0288B /* GovViewController.swift in Sources */ = {isa = PBXBuildFile; fileRef = 1250B2E52AF7D6EA00F0288B /* GovViewController.swift */; };
		1250B2E82AF7D6FA00F0288B /* AdViewController.swift in Sources */ = {isa = PBXBuildFile; fileRef = 1250B2E72AF7D6FA00F0288B /* AdViewController.swift */; };
		1250B2ED2AF7D78E00F0288B /* KaspiGidViewController.swift in Sources */ = {isa = PBXBuildFile; fileRef = 1250B2EC2AF7D78E00F0288B /* KaspiGidViewController.swift */; };
		1250B2EF2AF7D7A000F0288B /* KaspiMapsViewController.swift in Sources */ = {isa = PBXBuildFile; fileRef = 1250B2EE2AF7D7A000F0288B /* KaspiMapsViewController.swift */; };
		1250B2F12AF7D7AD00F0288B /* QRViewController.swift in Sources */ = {isa = PBXBuildFile; fileRef = 1250B2F02AF7D7AD00F0288B /* QRViewController.swift */; };
		1250B3112AFA9CCD00F0288B /* MainCollectionViewDelegate.swift in Sources */ = {isa = PBXBuildFile; fileRef = 1250B3102AFA9CCD00F0288B /* MainCollectionViewDelegate.swift */; };
		1250B3132AFA9F4300F0288B /* ArrayCollectionMainView.swift in Sources */ = {isa = PBXBuildFile; fileRef = 1250B3122AFA9F4300F0288B /* ArrayCollectionMainView.swift */; };
		1250B3152AFAA0AF00F0288B /* ServiceArrayCollection.swift in Sources */ = {isa = PBXBuildFile; fileRef = 1250B3142AFAA0AF00F0288B /* ServiceArrayCollection.swift */; };
		1250B31A2AFABD4700F0288B /* MyBankViewController.storyboard in Resources */ = {isa = PBXBuildFile; fileRef = 1250B3182AFABD4700F0288B /* MyBankViewController.storyboard */; };
		1250B31D2AFABDB600F0288B /* TransfersViewController.storyboard in Resources */ = {isa = PBXBuildFile; fileRef = 1250B31B2AFABDB600F0288B /* TransfersViewController.storyboard */; };
		1250B3202AFAC14C00F0288B /* AdViewController.storyboard in Resources */ = {isa = PBXBuildFile; fileRef = 1250B31E2AFAC14C00F0288B /* AdViewController.storyboard */; };
		1250B3232AFAC16200F0288B /* GovViewController.storyboard in Resources */ = {isa = PBXBuildFile; fileRef = 1250B3212AFAC16200F0288B /* GovViewController.storyboard */; };
		1250B3262AFAC17A00F0288B /* TravelViewController.storyboard in Resources */ = {isa = PBXBuildFile; fileRef = 1250B3242AFAC17A00F0288B /* TravelViewController.storyboard */; };
		1250B3292AFAC1AD00F0288B /* PaymentsViewController.storyboard in Resources */ = {isa = PBXBuildFile; fileRef = 1250B3272AFAC1AD00F0288B /* PaymentsViewController.storyboard */; };
		1250B32C2AFAC1C300F0288B /* ShopViewController.storyboard in Resources */ = {isa = PBXBuildFile; fileRef = 1250B32A2AFAC1C300F0288B /* ShopViewController.storyboard */; };
		1250B32F2AFAC1F100F0288B /* KaspiGidViewController.storyboard in Resources */ = {isa = PBXBuildFile; fileRef = 1250B32D2AFAC1F100F0288B /* KaspiGidViewController.storyboard */; };
		1250B3322AFAC20300F0288B /* KaspiMapsViewController.storyboard in Resources */ = {isa = PBXBuildFile; fileRef = 1250B3302AFAC20300F0288B /* KaspiMapsViewController.storyboard */; };
		1250B3352AFAC22F00F0288B /* MessageViewController.storyboard in Resources */ = {isa = PBXBuildFile; fileRef = 1250B3332AFAC22F00F0288B /* MessageViewController.storyboard */; };
		1250B3372AFBE49200F0288B /* ColorsApp.swift in Sources */ = {isa = PBXBuildFile; fileRef = 1250B3362AFBE49200F0288B /* ColorsApp.swift */; };
		126B88792AED8A5200431400 /* MessageViewController.swift in Sources */ = {isa = PBXBuildFile; fileRef = 126B88782AED8A5200431400 /* MessageViewController.swift */; };
		126B887D2AED9F5000431400 /* MessageTableViewCell.swift in Sources */ = {isa = PBXBuildFile; fileRef = 126B887C2AED9F5000431400 /* MessageTableViewCell.swift */; };
		126B887F2AEDA01C00431400 /* ModelMessage.swift in Sources */ = {isa = PBXBuildFile; fileRef = 126B887E2AEDA01C00431400 /* ModelMessage.swift */; };
		12A798CE2ACC2A0E007FC284 /* AppDelegate.swift in Sources */ = {isa = PBXBuildFile; fileRef = 12A798CD2ACC2A0E007FC284 /* AppDelegate.swift */; };
		12A798D02ACC2A0E007FC284 /* SceneDelegate.swift in Sources */ = {isa = PBXBuildFile; fileRef = 12A798CF2ACC2A0E007FC284 /* SceneDelegate.swift */; };
		12A798D22ACC2A0E007FC284 /* MainViewController.swift in Sources */ = {isa = PBXBuildFile; fileRef = 12A798D12ACC2A0E007FC284 /* MainViewController.swift */; };
		12A798D52ACC2A0E007FC284 /* Main.storyboard in Resources */ = {isa = PBXBuildFile; fileRef = 12A798D32ACC2A0E007FC284 /* Main.storyboard */; };
		12A798D82ACC2A0E007FC284 /* CopyKaspiKZ.xcdatamodeld in Sources */ = {isa = PBXBuildFile; fileRef = 12A798D62ACC2A0E007FC284 /* CopyKaspiKZ.xcdatamodeld */; };
		12A798DA2ACC2A0F007FC284 /* Assets.xcassets in Resources */ = {isa = PBXBuildFile; fileRef = 12A798D92ACC2A0F007FC284 /* Assets.xcassets */; };
		12A798DD2ACC2A0F007FC284 /* LaunchScreen.storyboard in Resources */ = {isa = PBXBuildFile; fileRef = 12A798DB2ACC2A0F007FC284 /* LaunchScreen.storyboard */; };
		12A798EC2ACC2F61007FC284 /* PromotionCollectionViewCell.swift in Sources */ = {isa = PBXBuildFile; fileRef = 12A798EA2ACC2F61007FC284 /* PromotionCollectionViewCell.swift */; };
		12A798ED2ACC2F61007FC284 /* PromotionCollectionViewCell.xib in Resources */ = {isa = PBXBuildFile; fileRef = 12A798EB2ACC2F61007FC284 /* PromotionCollectionViewCell.xib */; };
		12A798F02ACC2F95007FC284 /* ProductBankCollectionViewCell.swift in Sources */ = {isa = PBXBuildFile; fileRef = 12A798EE2ACC2F95007FC284 /* ProductBankCollectionViewCell.swift */; };
		12A798F12ACC2F95007FC284 /* ProductBankCollectionViewCell.xib in Resources */ = {isa = PBXBuildFile; fileRef = 12A798EF2ACC2F95007FC284 /* ProductBankCollectionViewCell.xib */; };
		12A798F32ACC2FCA007FC284 /* LoginViewController.swift in Sources */ = {isa = PBXBuildFile; fileRef = 12A798F22ACC2FCA007FC284 /* LoginViewController.swift */; };
		12A798F72ACC8708007FC284 /* PromotionItem.swift in Sources */ = {isa = PBXBuildFile; fileRef = 12A798F62ACC8708007FC284 /* PromotionItem.swift */; };
		12A798FA2ACD95AB007FC284 /* OfferServicesCollectionViewCell.swift in Sources */ = {isa = PBXBuildFile; fileRef = 12A798F82ACD95AB007FC284 /* OfferServicesCollectionViewCell.swift */; };
		12A798FB2ACD95AB007FC284 /* OfferServicesCollectionViewCell.xib in Resources */ = {isa = PBXBuildFile; fileRef = 12A798F92ACD95AB007FC284 /* OfferServicesCollectionViewCell.xib */; };
		12A798FD2ACD97C9007FC284 /* OfferServiceItem.swift in Sources */ = {isa = PBXBuildFile; fileRef = 12A798FC2ACD97C9007FC284 /* OfferServiceItem.swift */; };
		12A799002AD08368007FC284 /* OfferOfGoodsCollectionViewCell.swift in Sources */ = {isa = PBXBuildFile; fileRef = 12A798FE2AD08368007FC284 /* OfferOfGoodsCollectionViewCell.swift */; };
		12A799012AD08368007FC284 /* OfferOfGoodsCollectionViewCell.xib in Resources */ = {isa = PBXBuildFile; fileRef = 12A798FF2AD08368007FC284 /* OfferOfGoodsCollectionViewCell.xib */; };
		12A799052AD0863E007FC284 /* OfferOfGoodsItem.swift in Sources */ = {isa = PBXBuildFile; fileRef = 12A799042AD0863E007FC284 /* OfferOfGoodsItem.swift */; };
		12A799082AD13346007FC284 /* ProductBankItem.swift in Sources */ = {isa = PBXBuildFile; fileRef = 12A799072AD13346007FC284 /* ProductBankItem.swift */; };
		12A7990A2AD7034F007FC284 /* MainTabBar.swift in Sources */ = {isa = PBXBuildFile; fileRef = 12A799092AD7034F007FC284 /* MainTabBar.swift */; };
		12A7990C2AD7035C007FC284 /* QRTabBar.swift in Sources */ = {isa = PBXBuildFile; fileRef = 12A7990B2AD7035C007FC284 /* QRTabBar.swift */; };
		12A7990E2AD70C2F007FC284 /* MessageTabBar.swift in Sources */ = {isa = PBXBuildFile; fileRef = 12A7990D2AD70C2F007FC284 /* MessageTabBar.swift */; };
		12B970282AF173B800CDE1F4 /* ServiceTableViewCell.swift in Sources */ = {isa = PBXBuildFile; fileRef = 12B970272AF173B800CDE1F4 /* ServiceTableViewCell.swift */; };
		12B9702A2AF1758300CDE1F4 /* ModelService.swift in Sources */ = {isa = PBXBuildFile; fileRef = 12B970292AF1758300CDE1F4 /* ModelService.swift */; };
/* End PBXBuildFile section */

/* Begin PBXFileReference section */
		122075F62AEE8F980003215B /* ServiceViewController.swift */ = {isa = PBXFileReference; lastKnownFileType = sourcecode.swift; path = ServiceViewController.swift; sourceTree = "<group>"; };
		1250B2D52AF6D76000F0288B /* MyBankViewController.swift */ = {isa = PBXFileReference; lastKnownFileType = sourcecode.swift; path = MyBankViewController.swift; sourceTree = "<group>"; };
		1250B2D72AF6E04400F0288B /* PaymentsViewController.swift */ = {isa = PBXFileReference; lastKnownFileType = sourcecode.swift; path = PaymentsViewController.swift; sourceTree = "<group>"; };
		1250B2D92AF6E23400F0288B /* TransfersViewController.swift */ = {isa = PBXFileReference; lastKnownFileType = sourcecode.swift; path = TransfersViewController.swift; sourceTree = "<group>"; };
		1250B2DB2AF6E38A00F0288B /* ShopViewController.swift */ = {isa = PBXFileReference; lastKnownFileType = sourcecode.swift; path = ShopViewController.swift; sourceTree = "<group>"; };
		1250B2E32AF7D6DF00F0288B /* TravelViewController.swift */ = {isa = PBXFileReference; lastKnownFileType = sourcecode.swift; path = TravelViewController.swift; sourceTree = "<group>"; };
		1250B2E52AF7D6EA00F0288B /* GovViewController.swift */ = {isa = PBXFileReference; lastKnownFileType = sourcecode.swift; path = GovViewController.swift; sourceTree = "<group>"; };
		1250B2E72AF7D6FA00F0288B /* AdViewController.swift */ = {isa = PBXFileReference; lastKnownFileType = sourcecode.swift; path = AdViewController.swift; sourceTree = "<group>"; };
		1250B2EC2AF7D78E00F0288B /* KaspiGidViewController.swift */ = {isa = PBXFileReference; lastKnownFileType = sourcecode.swift; path = KaspiGidViewController.swift; sourceTree = "<group>"; };
		1250B2EE2AF7D7A000F0288B /* KaspiMapsViewController.swift */ = {isa = PBXFileReference; lastKnownFileType = sourcecode.swift; path = KaspiMapsViewController.swift; sourceTree = "<group>"; };
		1250B2F02AF7D7AD00F0288B /* QRViewController.swift */ = {isa = PBXFileReference; lastKnownFileType = sourcecode.swift; path = QRViewController.swift; sourceTree = "<group>"; };
		1250B3102AFA9CCD00F0288B /* MainCollectionViewDelegate.swift */ = {isa = PBXFileReference; lastKnownFileType = sourcecode.swift; path = MainCollectionViewDelegate.swift; sourceTree = "<group>"; };
		1250B3122AFA9F4300F0288B /* ArrayCollectionMainView.swift */ = {isa = PBXFileReference; lastKnownFileType = sourcecode.swift; path = ArrayCollectionMainView.swift; sourceTree = "<group>"; };
		1250B3142AFAA0AF00F0288B /* ServiceArrayCollection.swift */ = {isa = PBXFileReference; lastKnownFileType = sourcecode.swift; path = ServiceArrayCollection.swift; sourceTree = "<group>"; };
		1250B3192AFABD4700F0288B /* Base */ = {isa = PBXFileReference; lastKnownFileType = file.storyboard; name = Base; path = CopyKaspiKZ/Base.lproj/MyBankViewController.storyboard; sourceTree = "<group>"; };
		1250B31C2AFABDB600F0288B /* Base */ = {isa = PBXFileReference; lastKnownFileType = file.storyboard; name = Base; path = CopyKaspiKZ/Base.lproj/TransfersViewController.storyboard; sourceTree = "<group>"; };
		1250B31F2AFAC14C00F0288B /* Base */ = {isa = PBXFileReference; lastKnownFileType = file.storyboard; name = Base; path = CopyKaspiKZ/Base.lproj/AdViewController.storyboard; sourceTree = SOURCE_ROOT; };
		1250B3222AFAC16200F0288B /* Base */ = {isa = PBXFileReference; lastKnownFileType = file.storyboard; name = Base; path = CopyKaspiKZ/Base.lproj/GovViewController.storyboard; sourceTree = SOURCE_ROOT; };
		1250B3252AFAC17A00F0288B /* Base */ = {isa = PBXFileReference; lastKnownFileType = file.storyboard; name = Base; path = CopyKaspiKZ/Base.lproj/TravelViewController.storyboard; sourceTree = SOURCE_ROOT; };
		1250B3282AFAC1AD00F0288B /* Base */ = {isa = PBXFileReference; lastKnownFileType = file.storyboard; name = Base; path = CopyKaspiKZ/Base.lproj/PaymentsViewController.storyboard; sourceTree = SOURCE_ROOT; };
		1250B32B2AFAC1C300F0288B /* Base */ = {isa = PBXFileReference; lastKnownFileType = file.storyboard; name = Base; path = CopyKaspiKZ/Base.lproj/ShopViewController.storyboard; sourceTree = SOURCE_ROOT; };
		1250B32E2AFAC1F100F0288B /* Base */ = {isa = PBXFileReference; lastKnownFileType = file.storyboard; name = Base; path = CopyKaspiKZ/Base.lproj/KaspiGidViewController.storyboard; sourceTree = SOURCE_ROOT; };
		1250B3312AFAC20300F0288B /* Base */ = {isa = PBXFileReference; lastKnownFileType = file.storyboard; name = Base; path = CopyKaspiKZ/Base.lproj/KaspiMapsViewController.storyboard; sourceTree = SOURCE_ROOT; };
		1250B3342AFAC22F00F0288B /* Base */ = {isa = PBXFileReference; lastKnownFileType = file.storyboard; name = Base; path = CopyKaspiKZ/Base.lproj/MessageViewController.storyboard; sourceTree = SOURCE_ROOT; };
		1250B3362AFBE49200F0288B /* ColorsApp.swift */ = {isa = PBXFileReference; lastKnownFileType = sourcecode.swift; path = ColorsApp.swift; sourceTree = "<group>"; };
		126B88782AED8A5200431400 /* MessageViewController.swift */ = {isa = PBXFileReference; lastKnownFileType = sourcecode.swift; path = MessageViewController.swift; sourceTree = "<group>"; };
		126B887C2AED9F5000431400 /* MessageTableViewCell.swift */ = {isa = PBXFileReference; lastKnownFileType = sourcecode.swift; path = MessageTableViewCell.swift; sourceTree = "<group>"; };
		126B887E2AEDA01C00431400 /* ModelMessage.swift */ = {isa = PBXFileReference; lastKnownFileType = sourcecode.swift; path = ModelMessage.swift; sourceTree = "<group>"; };
		12A798CA2ACC2A0E007FC284 /* CopyKaspiKZ.app */ = {isa = PBXFileReference; explicitFileType = wrapper.application; includeInIndex = 0; path = CopyKaspiKZ.app; sourceTree = BUILT_PRODUCTS_DIR; };
		12A798CD2ACC2A0E007FC284 /* AppDelegate.swift */ = {isa = PBXFileReference; lastKnownFileType = sourcecode.swift; path = AppDelegate.swift; sourceTree = "<group>"; };
		12A798CF2ACC2A0E007FC284 /* SceneDelegate.swift */ = {isa = PBXFileReference; lastKnownFileType = sourcecode.swift; path = SceneDelegate.swift; sourceTree = "<group>"; };
		12A798D12ACC2A0E007FC284 /* MainViewController.swift */ = {isa = PBXFileReference; lastKnownFileType = sourcecode.swift; path = MainViewController.swift; sourceTree = "<group>"; };
		12A798D42ACC2A0E007FC284 /* Base */ = {isa = PBXFileReference; lastKnownFileType = file.storyboard; name = Base; path = Base.lproj/Main.storyboard; sourceTree = "<group>"; };
		12A798D72ACC2A0E007FC284 /* CopyKaspiKZ.xcdatamodel */ = {isa = PBXFileReference; lastKnownFileType = wrapper.xcdatamodel; path = CopyKaspiKZ.xcdatamodel; sourceTree = "<group>"; };
		12A798D92ACC2A0F007FC284 /* Assets.xcassets */ = {isa = PBXFileReference; lastKnownFileType = folder.assetcatalog; path = Assets.xcassets; sourceTree = "<group>"; };
		12A798DC2ACC2A0F007FC284 /* Base */ = {isa = PBXFileReference; lastKnownFileType = file.storyboard; name = Base; path = Base.lproj/LaunchScreen.storyboard; sourceTree = "<group>"; };
		12A798DE2ACC2A0F007FC284 /* Info.plist */ = {isa = PBXFileReference; lastKnownFileType = text.plist.xml; path = Info.plist; sourceTree = "<group>"; };
		12A798EA2ACC2F61007FC284 /* PromotionCollectionViewCell.swift */ = {isa = PBXFileReference; lastKnownFileType = sourcecode.swift; path = PromotionCollectionViewCell.swift; sourceTree = "<group>"; };
		12A798EB2ACC2F61007FC284 /* PromotionCollectionViewCell.xib */ = {isa = PBXFileReference; lastKnownFileType = file.xib; path = PromotionCollectionViewCell.xib; sourceTree = "<group>"; };
		12A798EE2ACC2F95007FC284 /* ProductBankCollectionViewCell.swift */ = {isa = PBXFileReference; lastKnownFileType = sourcecode.swift; path = ProductBankCollectionViewCell.swift; sourceTree = "<group>"; };
		12A798EF2ACC2F95007FC284 /* ProductBankCollectionViewCell.xib */ = {isa = PBXFileReference; lastKnownFileType = file.xib; path = ProductBankCollectionViewCell.xib; sourceTree = "<group>"; };
		12A798F22ACC2FCA007FC284 /* LoginViewController.swift */ = {isa = PBXFileReference; lastKnownFileType = sourcecode.swift; path = LoginViewController.swift; sourceTree = "<group>"; };
		12A798F62ACC8708007FC284 /* PromotionItem.swift */ = {isa = PBXFileReference; lastKnownFileType = sourcecode.swift; path = PromotionItem.swift; sourceTree = "<group>"; };
		12A798F82ACD95AB007FC284 /* OfferServicesCollectionViewCell.swift */ = {isa = PBXFileReference; lastKnownFileType = sourcecode.swift; path = OfferServicesCollectionViewCell.swift; sourceTree = "<group>"; };
		12A798F92ACD95AB007FC284 /* OfferServicesCollectionViewCell.xib */ = {isa = PBXFileReference; lastKnownFileType = file.xib; path = OfferServicesCollectionViewCell.xib; sourceTree = "<group>"; };
		12A798FC2ACD97C9007FC284 /* OfferServiceItem.swift */ = {isa = PBXFileReference; lastKnownFileType = sourcecode.swift; path = OfferServiceItem.swift; sourceTree = "<group>"; };
		12A798FE2AD08368007FC284 /* OfferOfGoodsCollectionViewCell.swift */ = {isa = PBXFileReference; lastKnownFileType = sourcecode.swift; path = OfferOfGoodsCollectionViewCell.swift; sourceTree = "<group>"; };
		12A798FF2AD08368007FC284 /* OfferOfGoodsCollectionViewCell.xib */ = {isa = PBXFileReference; lastKnownFileType = file.xib; path = OfferOfGoodsCollectionViewCell.xib; sourceTree = "<group>"; };
		12A799042AD0863E007FC284 /* OfferOfGoodsItem.swift */ = {isa = PBXFileReference; lastKnownFileType = sourcecode.swift; path = OfferOfGoodsItem.swift; sourceTree = "<group>"; };
		12A799072AD13346007FC284 /* ProductBankItem.swift */ = {isa = PBXFileReference; lastKnownFileType = sourcecode.swift; path = ProductBankItem.swift; sourceTree = "<group>"; };
		12A799092AD7034F007FC284 /* MainTabBar.swift */ = {isa = PBXFileReference; lastKnownFileType = sourcecode.swift; path = MainTabBar.swift; sourceTree = "<group>"; };
		12A7990B2AD7035C007FC284 /* QRTabBar.swift */ = {isa = PBXFileReference; lastKnownFileType = sourcecode.swift; path = QRTabBar.swift; sourceTree = "<group>"; };
		12A7990D2AD70C2F007FC284 /* MessageTabBar.swift */ = {isa = PBXFileReference; lastKnownFileType = sourcecode.swift; path = MessageTabBar.swift; sourceTree = "<group>"; };
		12B970272AF173B800CDE1F4 /* ServiceTableViewCell.swift */ = {isa = PBXFileReference; lastKnownFileType = sourcecode.swift; path = ServiceTableViewCell.swift; sourceTree = "<group>"; };
		12B970292AF1758300CDE1F4 /* ModelService.swift */ = {isa = PBXFileReference; lastKnownFileType = sourcecode.swift; path = ModelService.swift; sourceTree = "<group>"; };
/* End PBXFileReference section */

/* Begin PBXFrameworksBuildPhase section */
		12A798C72ACC2A0E007FC284 /* Frameworks */ = {
			isa = PBXFrameworksBuildPhase;
			buildActionMask = 2147483647;
			files = (
			);
			runOnlyForDeploymentPostprocessing = 0;
		};
/* End PBXFrameworksBuildPhase section */

/* Begin PBXGroup section */
		122075F52AEE8F6D0003215B /* Service */ = {
			isa = PBXGroup;
			children = (
				12B9702B2AF179D100CDE1F4 /* ServiceCustomCellXib */,
				1250B3142AFAA0AF00F0288B /* ServiceArrayCollection.swift */,
				12B970272AF173B800CDE1F4 /* ServiceTableViewCell.swift */,
				122075F62AEE8F980003215B /* ServiceViewController.swift */,
				12B970292AF1758300CDE1F4 /* ModelService.swift */,
			);
			path = Service;
			sourceTree = "<group>";
		};
		1250B2D42AF6D73C00F0288B /* My Bank */ = {
			isa = PBXGroup;
			children = (
				1250B2D52AF6D76000F0288B /* MyBankViewController.swift */,
				1250B3182AFABD4700F0288B /* MyBankViewController.storyboard */,
			);
			path = "My Bank";
			sourceTree = "<group>";
		};
		1250B2DD2AF7D62E00F0288B /* Payments */ = {
			isa = PBXGroup;
			children = (
				1250B3272AFAC1AD00F0288B /* PaymentsViewController.storyboard */,
				1250B2D72AF6E04400F0288B /* PaymentsViewController.swift */,
			);
			path = Payments;
			sourceTree = "<group>";
		};
		1250B2DE2AF7D64800F0288B /* Transfers */ = {
			isa = PBXGroup;
			children = (
				1250B31B2AFABDB600F0288B /* TransfersViewController.storyboard */,
				1250B2D92AF6E23400F0288B /* TransfersViewController.swift */,
			);
			path = Transfers;
			sourceTree = "<group>";
		};
		1250B2DF2AF7D65700F0288B /* Shop */ = {
			isa = PBXGroup;
			children = (
				1250B32A2AFAC1C300F0288B /* ShopViewController.storyboard */,
				1250B2DB2AF6E38A00F0288B /* ShopViewController.swift */,
			);
			path = Shop;
			sourceTree = "<group>";
		};
		1250B2E02AF7D66B00F0288B /* Travel */ = {
			isa = PBXGroup;
			children = (
				1250B3242AFAC17A00F0288B /* TravelViewController.storyboard */,
				1250B2E32AF7D6DF00F0288B /* TravelViewController.swift */,
			);
			path = Travel;
			sourceTree = "<group>";
		};
		1250B2E12AF7D67A00F0288B /* Goverment */ = {
			isa = PBXGroup;
			children = (
				1250B3212AFAC16200F0288B /* GovViewController.storyboard */,
				1250B2E52AF7D6EA00F0288B /* GovViewController.swift */,
			);
			path = Goverment;
			sourceTree = "<group>";
		};
		1250B2E22AF7D69800F0288B /* Ad */ = {
			isa = PBXGroup;
			children = (
				1250B31E2AFAC14C00F0288B /* AdViewController.storyboard */,
				1250B2E72AF7D6FA00F0288B /* AdViewController.swift */,
			);
			path = Ad;
			sourceTree = "<group>";
		};
		1250B2E92AF7D72E00F0288B /* QR */ = {
			isa = PBXGroup;
			children = (
				1250B2F02AF7D7AD00F0288B /* QRViewController.swift */,
			);
			path = QR;
			sourceTree = "<group>";
		};
		1250B2EA2AF7D73900F0288B /* KaspiGid */ = {
			isa = PBXGroup;
			children = (
				1250B32D2AFAC1F100F0288B /* KaspiGidViewController.storyboard */,
				1250B2EC2AF7D78E00F0288B /* KaspiGidViewController.swift */,
			);
			path = KaspiGid;
			sourceTree = "<group>";
		};
		1250B2EB2AF7D76200F0288B /* KaspiMaps */ = {
			isa = PBXGroup;
			children = (
				1250B3302AFAC20300F0288B /* KaspiMapsViewController.storyboard */,
				1250B2EE2AF7D7A000F0288B /* KaspiMapsViewController.swift */,
			);
			path = KaspiMaps;
			sourceTree = "<group>";
		};
		126B88772AED89A100431400 /* Message */ = {
			isa = PBXGroup;
			children = (
				1250B3332AFAC22F00F0288B /* MessageViewController.storyboard */,
				126B88782AED8A5200431400 /* MessageViewController.swift */,
				126B887C2AED9F5000431400 /* MessageTableViewCell.swift */,
				126B887E2AEDA01C00431400 /* ModelMessage.swift */,
			);
			path = Message;
			sourceTree = "<group>";
		};
		12A798C12ACC2A0E007FC284 = {
			isa = PBXGroup;
			children = (
				12A798CC2ACC2A0E007FC284 /* CopyKaspiKZ */,
				12A798CB2ACC2A0E007FC284 /* Products */,
			);
			sourceTree = "<group>";
		};
		12A798CB2ACC2A0E007FC284 /* Products */ = {
			isa = PBXGroup;
			children = (
				12A798CA2ACC2A0E007FC284 /* CopyKaspiKZ.app */,
			);
			name = Products;
			sourceTree = "<group>";
		};
		12A798CC2ACC2A0E007FC284 /* CopyKaspiKZ */ = {
			isa = PBXGroup;
			children = (
				1250B2E22AF7D69800F0288B /* Ad */,
				1250B2E12AF7D67A00F0288B /* Goverment */,
				1250B2EA2AF7D73900F0288B /* KaspiGid */,
				1250B2EB2AF7D76200F0288B /* KaspiMaps */,
				12A798E52ACC2E14007FC284 /* Login */,
				12A798E42ACC2E02007FC284 /* Main */,
				126B88772AED89A100431400 /* Message */,
				1250B2D42AF6D73C00F0288B /* My Bank */,
				1250B2DD2AF7D62E00F0288B /* Payments */,
				1250B2E92AF7D72E00F0288B /* QR */,
				122075F52AEE8F6D0003215B /* Service */,
				1250B2DF2AF7D65700F0288B /* Shop */,
				12A799062AD12B17007FC284 /* TabBar */,
				1250B2DE2AF7D64800F0288B /* Transfers */,
				1250B2E02AF7D66B00F0288B /* Travel */,
				12A798D62ACC2A0E007FC284 /* CopyKaspiKZ.xcdatamodeld */,
				12A798CF2ACC2A0E007FC284 /* SceneDelegate.swift */,
				12A798CD2ACC2A0E007FC284 /* AppDelegate.swift */,
				12A798DE2ACC2A0F007FC284 /* Info.plist */,
				12A798D92ACC2A0F007FC284 /* Assets.xcassets */,
				12A798DB2ACC2A0F007FC284 /* LaunchScreen.storyboard */,
				1250B3362AFBE49200F0288B /* ColorsApp.swift */,
			);
			path = CopyKaspiKZ;
			sourceTree = "<group>";
		};
		12A798E42ACC2E02007FC284 /* Main */ = {
			isa = PBXGroup;
			children = (
				12A798D32ACC2A0E007FC284 /* Main.storyboard */,
				12A798D12ACC2A0E007FC284 /* MainViewController.swift */,
				12A798E62ACC2E62007FC284 /* Promotion */,
				12A798E72ACC2E98007FC284 /* ProductBank */,
				12A798E82ACC2EAF007FC284 /* OfferServices */,
				12A798E92ACC2EF4007FC284 /* OfferOfGoods */,
				1250B3102AFA9CCD00F0288B /* MainCollectionViewDelegate.swift */,
				1250B3122AFA9F4300F0288B /* ArrayCollectionMainView.swift */,
			);
			path = Main;
			sourceTree = "<group>";
		};
		12A798E52ACC2E14007FC284 /* Login */ = {
			isa = PBXGroup;
			children = (
				12A798F22ACC2FCA007FC284 /* LoginViewController.swift */,
			);
			path = Login;
			sourceTree = "<group>";
		};
		12A798E62ACC2E62007FC284 /* Promotion */ = {
			isa = PBXGroup;
			children = (
				12A798EA2ACC2F61007FC284 /* PromotionCollectionViewCell.swift */,
				12A798EB2ACC2F61007FC284 /* PromotionCollectionViewCell.xib */,
				12A798F62ACC8708007FC284 /* PromotionItem.swift */,
			);
			path = Promotion;
			sourceTree = "<group>";
		};
		12A798E72ACC2E98007FC284 /* ProductBank */ = {
			isa = PBXGroup;
			children = (
				12A798EE2ACC2F95007FC284 /* ProductBankCollectionViewCell.swift */,
				12A798EF2ACC2F95007FC284 /* ProductBankCollectionViewCell.xib */,
				12A799072AD13346007FC284 /* ProductBankItem.swift */,
			);
			path = ProductBank;
			sourceTree = "<group>";
		};
		12A798E82ACC2EAF007FC284 /* OfferServices */ = {
			isa = PBXGroup;
			children = (
				12A798F82ACD95AB007FC284 /* OfferServicesCollectionViewCell.swift */,
				12A798F92ACD95AB007FC284 /* OfferServicesCollectionViewCell.xib */,
				12A798FC2ACD97C9007FC284 /* OfferServiceItem.swift */,
			);
			path = OfferServices;
			sourceTree = "<group>";
		};
		12A798E92ACC2EF4007FC284 /* OfferOfGoods */ = {
			isa = PBXGroup;
			children = (
				12A798FE2AD08368007FC284 /* OfferOfGoodsCollectionViewCell.swift */,
				12A798FF2AD08368007FC284 /* OfferOfGoodsCollectionViewCell.xib */,
				12A799042AD0863E007FC284 /* OfferOfGoodsItem.swift */,
			);
			path = OfferOfGoods;
			sourceTree = "<group>";
		};
		12A799062AD12B17007FC284 /* TabBar */ = {
			isa = PBXGroup;
			children = (
				12A799092AD7034F007FC284 /* MainTabBar.swift */,
				12A7990B2AD7035C007FC284 /* QRTabBar.swift */,
				12A7990D2AD70C2F007FC284 /* MessageTabBar.swift */,
			);
			path = TabBar;
			sourceTree = "<group>";
		};
		12B9702B2AF179D100CDE1F4 /* ServiceCustomCellXib */ = {
			isa = PBXGroup;
			children = (
			);
			path = ServiceCustomCellXib;
			sourceTree = "<group>";
		};
/* End PBXGroup section */

/* Begin PBXNativeTarget section */
		12A798C92ACC2A0E007FC284 /* CopyKaspiKZ */ = {
			isa = PBXNativeTarget;
			buildConfigurationList = 12A798E12ACC2A0F007FC284 /* Build configuration list for PBXNativeTarget "CopyKaspiKZ" */;
			buildPhases = (
				12A798C62ACC2A0E007FC284 /* Sources */,
				12A798C72ACC2A0E007FC284 /* Frameworks */,
				12A798C82ACC2A0E007FC284 /* Resources */,
			);
			buildRules = (
			);
			dependencies = (
			);
			name = CopyKaspiKZ;
			productName = CopyKaspiKZ;
			productReference = 12A798CA2ACC2A0E007FC284 /* CopyKaspiKZ.app */;
			productType = "com.apple.product-type.application";
		};
/* End PBXNativeTarget section */

/* Begin PBXProject section */
		12A798C22ACC2A0E007FC284 /* Project object */ = {
			isa = PBXProject;
			attributes = {
				BuildIndependentTargetsInParallel = 1;
				LastSwiftUpdateCheck = 1430;
				LastUpgradeCheck = 1430;
				TargetAttributes = {
					12A798C92ACC2A0E007FC284 = {
						CreatedOnToolsVersion = 14.3.1;
					};
				};
			};
			buildConfigurationList = 12A798C52ACC2A0E007FC284 /* Build configuration list for PBXProject "CopyKaspiKZ" */;
			compatibilityVersion = "Xcode 14.0";
			developmentRegion = en;
			hasScannedForEncodings = 0;
			knownRegions = (
				en,
				Base,
			);
			mainGroup = 12A798C12ACC2A0E007FC284;
			productRefGroup = 12A798CB2ACC2A0E007FC284 /* Products */;
			projectDirPath = "";
			projectRoot = "";
			targets = (
				12A798C92ACC2A0E007FC284 /* CopyKaspiKZ */,
			);
		};
/* End PBXProject section */

/* Begin PBXResourcesBuildPhase section */
		12A798C82ACC2A0E007FC284 /* Resources */ = {
			isa = PBXResourcesBuildPhase;
			buildActionMask = 2147483647;
			files = (
				12A798FB2ACD95AB007FC284 /* OfferServicesCollectionViewCell.xib in Resources */,
				1250B3292AFAC1AD00F0288B /* PaymentsViewController.storyboard in Resources */,
				12A799012AD08368007FC284 /* OfferOfGoodsCollectionViewCell.xib in Resources */,
				1250B32C2AFAC1C300F0288B /* ShopViewController.storyboard in Resources */,
				1250B3352AFAC22F00F0288B /* MessageViewController.storyboard in Resources */,
				1250B32F2AFAC1F100F0288B /* KaspiGidViewController.storyboard in Resources */,
				1250B3322AFAC20300F0288B /* KaspiMapsViewController.storyboard in Resources */,
				1250B3202AFAC14C00F0288B /* AdViewController.storyboard in Resources */,
				1250B3232AFAC16200F0288B /* GovViewController.storyboard in Resources */,
				12A798DD2ACC2A0F007FC284 /* LaunchScreen.storyboard in Resources */,
				12A798DA2ACC2A0F007FC284 /* Assets.xcassets in Resources */,
				1250B31A2AFABD4700F0288B /* MyBankViewController.storyboard in Resources */,
				12A798F12ACC2F95007FC284 /* ProductBankCollectionViewCell.xib in Resources */,
				1250B31D2AFABDB600F0288B /* TransfersViewController.storyboard in Resources */,
				12A798ED2ACC2F61007FC284 /* PromotionCollectionViewCell.xib in Resources */,
				12A798D52ACC2A0E007FC284 /* Main.storyboard in Resources */,
				1250B3262AFAC17A00F0288B /* TravelViewController.storyboard in Resources */,
			);
			runOnlyForDeploymentPostprocessing = 0;
		};
/* End PBXResourcesBuildPhase section */

/* Begin PBXSourcesBuildPhase section */
		12A798C62ACC2A0E007FC284 /* Sources */ = {
			isa = PBXSourcesBuildPhase;
			buildActionMask = 2147483647;
			files = (
				1250B2E42AF7D6DF00F0288B /* TravelViewController.swift in Sources */,
				12A798F32ACC2FCA007FC284 /* LoginViewController.swift in Sources */,
				12A798F02ACC2F95007FC284 /* ProductBankCollectionViewCell.swift in Sources */,
				12A7990A2AD7034F007FC284 /* MainTabBar.swift in Sources */,
				12A798D82ACC2A0E007FC284 /* CopyKaspiKZ.xcdatamodeld in Sources */,
				1250B3152AFAA0AF00F0288B /* ServiceArrayCollection.swift in Sources */,
				1250B2DC2AF6E38A00F0288B /* ShopViewController.swift in Sources */,
				12A799052AD0863E007FC284 /* OfferOfGoodsItem.swift in Sources */,
				12A798D22ACC2A0E007FC284 /* MainViewController.swift in Sources */,
				12A798F72ACC8708007FC284 /* PromotionItem.swift in Sources */,
				1250B2E62AF7D6EA00F0288B /* GovViewController.swift in Sources */,
				12A798FD2ACD97C9007FC284 /* OfferServiceItem.swift in Sources */,
				12A798CE2ACC2A0E007FC284 /* AppDelegate.swift in Sources */,
				12A7990C2AD7035C007FC284 /* QRTabBar.swift in Sources */,
				1250B2EF2AF7D7A000F0288B /* KaspiMapsViewController.swift in Sources */,
				12A798EC2ACC2F61007FC284 /* PromotionCollectionViewCell.swift in Sources */,
				126B887D2AED9F5000431400 /* MessageTableViewCell.swift in Sources */,
				126B887F2AEDA01C00431400 /* ModelMessage.swift in Sources */,
				1250B2ED2AF7D78E00F0288B /* KaspiGidViewController.swift in Sources */,
				12B970282AF173B800CDE1F4 /* ServiceTableViewCell.swift in Sources */,
				1250B2F12AF7D7AD00F0288B /* QRViewController.swift in Sources */,
				12A798D02ACC2A0E007FC284 /* SceneDelegate.swift in Sources */,
				1250B2D82AF6E04400F0288B /* PaymentsViewController.swift in Sources */,
				1250B2E82AF7D6FA00F0288B /* AdViewController.swift in Sources */,
				12A799002AD08368007FC284 /* OfferOfGoodsCollectionViewCell.swift in Sources */,
				126B88792AED8A5200431400 /* MessageViewController.swift in Sources */,
				12B9702A2AF1758300CDE1F4 /* ModelService.swift in Sources */,
				12A799082AD13346007FC284 /* ProductBankItem.swift in Sources */,
				1250B3112AFA9CCD00F0288B /* MainCollectionViewDelegate.swift in Sources */,
				12A798FA2ACD95AB007FC284 /* OfferServicesCollectionViewCell.swift in Sources */,
				1250B2D62AF6D76000F0288B /* MyBankViewController.swift in Sources */,
				122075F72AEE8F980003215B /* ServiceViewController.swift in Sources */,
				1250B2DA2AF6E23400F0288B /* TransfersViewController.swift in Sources */,
				1250B3372AFBE49200F0288B /* ColorsApp.swift in Sources */,
				12A7990E2AD70C2F007FC284 /* MessageTabBar.swift in Sources */,
				1250B3132AFA9F4300F0288B /* ArrayCollectionMainView.swift in Sources */,
			);
			runOnlyForDeploymentPostprocessing = 0;
		};
/* End PBXSourcesBuildPhase section */

/* Begin PBXVariantGroup section */
		1250B3182AFABD4700F0288B /* MyBankViewController.storyboard */ = {
			isa = PBXVariantGroup;
			children = (
				1250B3192AFABD4700F0288B /* Base */,
			);
			name = MyBankViewController.storyboard;
			sourceTree = "<group>";
		};
		1250B31B2AFABDB600F0288B /* TransfersViewController.storyboard */ = {
			isa = PBXVariantGroup;
			children = (
				1250B31C2AFABDB600F0288B /* Base */,
			);
			name = TransfersViewController.storyboard;
			sourceTree = "<group>";
		};
		1250B31E2AFAC14C00F0288B /* AdViewController.storyboard */ = {
			isa = PBXVariantGroup;
			children = (
				1250B31F2AFAC14C00F0288B /* Base */,
			);
			name = AdViewController.storyboard;
			sourceTree = "<group>";
		};
		1250B3212AFAC16200F0288B /* GovViewController.storyboard */ = {
			isa = PBXVariantGroup;
			children = (
				1250B3222AFAC16200F0288B /* Base */,
			);
			name = GovViewController.storyboard;
			sourceTree = "<group>";
		};
		1250B3242AFAC17A00F0288B /* TravelViewController.storyboard */ = {
			isa = PBXVariantGroup;
			children = (
				1250B3252AFAC17A00F0288B /* Base */,
			);
			name = TravelViewController.storyboard;
			sourceTree = "<group>";
		};
		1250B3272AFAC1AD00F0288B /* PaymentsViewController.storyboard */ = {
			isa = PBXVariantGroup;
			children = (
				1250B3282AFAC1AD00F0288B /* Base */,
			);
			name = PaymentsViewController.storyboard;
			sourceTree = "<group>";
		};
		1250B32A2AFAC1C300F0288B /* ShopViewController.storyboard */ = {
			isa = PBXVariantGroup;
			children = (
				1250B32B2AFAC1C300F0288B /* Base */,
			);
			name = ShopViewController.storyboard;
			sourceTree = "<group>";
		};
		1250B32D2AFAC1F100F0288B /* KaspiGidViewController.storyboard */ = {
			isa = PBXVariantGroup;
			children = (
				1250B32E2AFAC1F100F0288B /* Base */,
			);
			name = KaspiGidViewController.storyboard;
			sourceTree = "<group>";
		};
		1250B3302AFAC20300F0288B /* KaspiMapsViewController.storyboard */ = {
			isa = PBXVariantGroup;
			children = (
				1250B3312AFAC20300F0288B /* Base */,
			);
			name = KaspiMapsViewController.storyboard;
			sourceTree = "<group>";
		};
		1250B3332AFAC22F00F0288B /* MessageViewController.storyboard */ = {
			isa = PBXVariantGroup;
			children = (
				1250B3342AFAC22F00F0288B /* Base */,
			);
			name = MessageViewController.storyboard;
			sourceTree = "<group>";
		};
		12A798D32ACC2A0E007FC284 /* Main.storyboard */ = {
			isa = PBXVariantGroup;
			children = (
				12A798D42ACC2A0E007FC284 /* Base */,
			);
			name = Main.storyboard;
			sourceTree = "<group>";
		};
		12A798DB2ACC2A0F007FC284 /* LaunchScreen.storyboard */ = {
			isa = PBXVariantGroup;
			children = (
				12A798DC2ACC2A0F007FC284 /* Base */,
			);
			name = LaunchScreen.storyboard;
			sourceTree = "<group>";
		};
/* End PBXVariantGroup section */

/* Begin XCBuildConfiguration section */
		12A798DF2ACC2A0F007FC284 /* Debug */ = {
			isa = XCBuildConfiguration;
			buildSettings = {
				ALWAYS_SEARCH_USER_PATHS = NO;
				CLANG_ANALYZER_NONNULL = YES;
				CLANG_ANALYZER_NUMBER_OBJECT_CONVERSION = YES_AGGRESSIVE;
				CLANG_CXX_LANGUAGE_STANDARD = "gnu++20";
				CLANG_ENABLE_MODULES = YES;
				CLANG_ENABLE_OBJC_ARC = YES;
				CLANG_ENABLE_OBJC_WEAK = YES;
				CLANG_WARN_BLOCK_CAPTURE_AUTORELEASING = YES;
				CLANG_WARN_BOOL_CONVERSION = YES;
				CLANG_WARN_COMMA = YES;
				CLANG_WARN_CONSTANT_CONVERSION = YES;
				CLANG_WARN_DEPRECATED_OBJC_IMPLEMENTATIONS = YES;
				CLANG_WARN_DIRECT_OBJC_ISA_USAGE = YES_ERROR;
				CLANG_WARN_DOCUMENTATION_COMMENTS = YES;
				CLANG_WARN_EMPTY_BODY = YES;
				CLANG_WARN_ENUM_CONVERSION = YES;
				CLANG_WARN_INFINITE_RECURSION = YES;
				CLANG_WARN_INT_CONVERSION = YES;
				CLANG_WARN_NON_LITERAL_NULL_CONVERSION = YES;
				CLANG_WARN_OBJC_IMPLICIT_RETAIN_SELF = YES;
				CLANG_WARN_OBJC_LITERAL_CONVERSION = YES;
				CLANG_WARN_OBJC_ROOT_CLASS = YES_ERROR;
				CLANG_WARN_QUOTED_INCLUDE_IN_FRAMEWORK_HEADER = YES;
				CLANG_WARN_RANGE_LOOP_ANALYSIS = YES;
				CLANG_WARN_STRICT_PROTOTYPES = YES;
				CLANG_WARN_SUSPICIOUS_MOVE = YES;
				CLANG_WARN_UNGUARDED_AVAILABILITY = YES_AGGRESSIVE;
				CLANG_WARN_UNREACHABLE_CODE = YES;
				CLANG_WARN__DUPLICATE_METHOD_MATCH = YES;
				COPY_PHASE_STRIP = NO;
				DEBUG_INFORMATION_FORMAT = dwarf;
				ENABLE_STRICT_OBJC_MSGSEND = YES;
				ENABLE_TESTABILITY = YES;
				GCC_C_LANGUAGE_STANDARD = gnu11;
				GCC_DYNAMIC_NO_PIC = NO;
				GCC_NO_COMMON_BLOCKS = YES;
				GCC_OPTIMIZATION_LEVEL = 0;
				GCC_PREPROCESSOR_DEFINITIONS = (
					"DEBUG=1",
					"$(inherited)",
				);
				GCC_WARN_64_TO_32_BIT_CONVERSION = YES;
				GCC_WARN_ABOUT_RETURN_TYPE = YES_ERROR;
				GCC_WARN_UNDECLARED_SELECTOR = YES;
				GCC_WARN_UNINITIALIZED_AUTOS = YES_AGGRESSIVE;
				GCC_WARN_UNUSED_FUNCTION = YES;
				GCC_WARN_UNUSED_VARIABLE = YES;
				IPHONEOS_DEPLOYMENT_TARGET = 16.0;
				MTL_ENABLE_DEBUG_INFO = INCLUDE_SOURCE;
				MTL_FAST_MATH = YES;
				ONLY_ACTIVE_ARCH = YES;
				SDKROOT = iphoneos;
				SWIFT_ACTIVE_COMPILATION_CONDITIONS = DEBUG;
				SWIFT_OPTIMIZATION_LEVEL = "-Onone";
			};
			name = Debug;
		};
		12A798E02ACC2A0F007FC284 /* Release */ = {
			isa = XCBuildConfiguration;
			buildSettings = {
				ALWAYS_SEARCH_USER_PATHS = NO;
				CLANG_ANALYZER_NONNULL = YES;
				CLANG_ANALYZER_NUMBER_OBJECT_CONVERSION = YES_AGGRESSIVE;
				CLANG_CXX_LANGUAGE_STANDARD = "gnu++20";
				CLANG_ENABLE_MODULES = YES;
				CLANG_ENABLE_OBJC_ARC = YES;
				CLANG_ENABLE_OBJC_WEAK = YES;
				CLANG_WARN_BLOCK_CAPTURE_AUTORELEASING = YES;
				CLANG_WARN_BOOL_CONVERSION = YES;
				CLANG_WARN_COMMA = YES;
				CLANG_WARN_CONSTANT_CONVERSION = YES;
				CLANG_WARN_DEPRECATED_OBJC_IMPLEMENTATIONS = YES;
				CLANG_WARN_DIRECT_OBJC_ISA_USAGE = YES_ERROR;
				CLANG_WARN_DOCUMENTATION_COMMENTS = YES;
				CLANG_WARN_EMPTY_BODY = YES;
				CLANG_WARN_ENUM_CONVERSION = YES;
				CLANG_WARN_INFINITE_RECURSION = YES;
				CLANG_WARN_INT_CONVERSION = YES;
				CLANG_WARN_NON_LITERAL_NULL_CONVERSION = YES;
				CLANG_WARN_OBJC_IMPLICIT_RETAIN_SELF = YES;
				CLANG_WARN_OBJC_LITERAL_CONVERSION = YES;
				CLANG_WARN_OBJC_ROOT_CLASS = YES_ERROR;
				CLANG_WARN_QUOTED_INCLUDE_IN_FRAMEWORK_HEADER = YES;
				CLANG_WARN_RANGE_LOOP_ANALYSIS = YES;
				CLANG_WARN_STRICT_PROTOTYPES = YES;
				CLANG_WARN_SUSPICIOUS_MOVE = YES;
				CLANG_WARN_UNGUARDED_AVAILABILITY = YES_AGGRESSIVE;
				CLANG_WARN_UNREACHABLE_CODE = YES;
				CLANG_WARN__DUPLICATE_METHOD_MATCH = YES;
				COPY_PHASE_STRIP = NO;
				DEBUG_INFORMATION_FORMAT = "dwarf-with-dsym";
				ENABLE_NS_ASSERTIONS = NO;
				ENABLE_STRICT_OBJC_MSGSEND = YES;
				GCC_C_LANGUAGE_STANDARD = gnu11;
				GCC_NO_COMMON_BLOCKS = YES;
				GCC_WARN_64_TO_32_BIT_CONVERSION = YES;
				GCC_WARN_ABOUT_RETURN_TYPE = YES_ERROR;
				GCC_WARN_UNDECLARED_SELECTOR = YES;
				GCC_WARN_UNINITIALIZED_AUTOS = YES_AGGRESSIVE;
				GCC_WARN_UNUSED_FUNCTION = YES;
				GCC_WARN_UNUSED_VARIABLE = YES;
				IPHONEOS_DEPLOYMENT_TARGET = 16.0;
				MTL_ENABLE_DEBUG_INFO = NO;
				MTL_FAST_MATH = YES;
				SDKROOT = iphoneos;
				SWIFT_COMPILATION_MODE = wholemodule;
				SWIFT_OPTIMIZATION_LEVEL = "-O";
				VALIDATE_PRODUCT = YES;
			};
			name = Release;
		};
		12A798E22ACC2A0F007FC284 /* Debug */ = {
			isa = XCBuildConfiguration;
			buildSettings = {
				ASSETCATALOG_COMPILER_APPICON_NAME = AppIcon;
				ASSETCATALOG_COMPILER_GLOBAL_ACCENT_COLOR_NAME = AccentColor;
				CODE_SIGN_IDENTITY = "Apple Development";
				CODE_SIGN_STYLE = Automatic;
				CURRENT_PROJECT_VERSION = 1;
				DEVELOPMENT_TEAM = H6D7248TAX;
				GENERATE_INFOPLIST_FILE = YES;
				INFOPLIST_FILE = CopyKaspiKZ/Info.plist;
				INFOPLIST_KEY_UIApplicationSupportsIndirectInputEvents = YES;
				INFOPLIST_KEY_UILaunchStoryboardName = LaunchScreen;
				INFOPLIST_KEY_UIMainStoryboardFile = Main;
				INFOPLIST_KEY_UISupportedInterfaceOrientations_iPad = "UIInterfaceOrientationPortrait UIInterfaceOrientationPortraitUpsideDown UIInterfaceOrientationLandscapeLeft UIInterfaceOrientationLandscapeRight";
				INFOPLIST_KEY_UISupportedInterfaceOrientations_iPhone = "UIInterfaceOrientationPortrait UIInterfaceOrientationLandscapeLeft UIInterfaceOrientationLandscapeRight";
				IPHONEOS_DEPLOYMENT_TARGET = 16.0;
				LD_RUNPATH_SEARCH_PATHS = (
					"$(inherited)",
					"@executable_path/Frameworks",
				);
				MARKETING_VERSION = 1.0;
				PRODUCT_BUNDLE_IDENTIFIER = Akaev.CopyKaspiKZ;
				PRODUCT_NAME = "$(TARGET_NAME)";
				PROVISIONING_PROFILE_SPECIFIER = "";
				SWIFT_EMIT_LOC_STRINGS = YES;
				SWIFT_VERSION = 5.0;
				TARGETED_DEVICE_FAMILY = "1,2";
			};
			name = Debug;
		};
		12A798E32ACC2A0F007FC284 /* Release */ = {
			isa = XCBuildConfiguration;
			buildSettings = {
				ASSETCATALOG_COMPILER_APPICON_NAME = AppIcon;
				ASSETCATALOG_COMPILER_GLOBAL_ACCENT_COLOR_NAME = AccentColor;
				CODE_SIGN_IDENTITY = "Apple Development";
				CODE_SIGN_STYLE = Automatic;
				CURRENT_PROJECT_VERSION = 1;
				DEVELOPMENT_TEAM = H6D7248TAX;
				GENERATE_INFOPLIST_FILE = YES;
				INFOPLIST_FILE = CopyKaspiKZ/Info.plist;
				INFOPLIST_KEY_UIApplicationSupportsIndirectInputEvents = YES;
				INFOPLIST_KEY_UILaunchStoryboardName = LaunchScreen;
				INFOPLIST_KEY_UIMainStoryboardFile = Main;
				INFOPLIST_KEY_UISupportedInterfaceOrientations_iPad = "UIInterfaceOrientationPortrait UIInterfaceOrientationPortraitUpsideDown UIInterfaceOrientationLandscapeLeft UIInterfaceOrientationLandscapeRight";
				INFOPLIST_KEY_UISupportedInterfaceOrientations_iPhone = "UIInterfaceOrientationPortrait UIInterfaceOrientationLandscapeLeft UIInterfaceOrientationLandscapeRight";
				IPHONEOS_DEPLOYMENT_TARGET = 16.0;
				LD_RUNPATH_SEARCH_PATHS = (
					"$(inherited)",
					"@executable_path/Frameworks",
				);
				MARKETING_VERSION = 1.0;
				PRODUCT_BUNDLE_IDENTIFIER = Akaev.CopyKaspiKZ;
				PRODUCT_NAME = "$(TARGET_NAME)";
				PROVISIONING_PROFILE_SPECIFIER = "";
				SWIFT_EMIT_LOC_STRINGS = YES;
				SWIFT_VERSION = 5.0;
				TARGETED_DEVICE_FAMILY = "1,2";
			};
			name = Release;
		};
/* End XCBuildConfiguration section */

/* Begin XCConfigurationList section */
		12A798C52ACC2A0E007FC284 /* Build configuration list for PBXProject "CopyKaspiKZ" */ = {
			isa = XCConfigurationList;
			buildConfigurations = (
				12A798DF2ACC2A0F007FC284 /* Debug */,
				12A798E02ACC2A0F007FC284 /* Release */,
			);
			defaultConfigurationIsVisible = 0;
			defaultConfigurationName = Release;
		};
		12A798E12ACC2A0F007FC284 /* Build configuration list for PBXNativeTarget "CopyKaspiKZ" */ = {
			isa = XCConfigurationList;
			buildConfigurations = (
				12A798E22ACC2A0F007FC284 /* Debug */,
				12A798E32ACC2A0F007FC284 /* Release */,
			);
			defaultConfigurationIsVisible = 0;
			defaultConfigurationName = Release;
		};
/* End XCConfigurationList section */

/* Begin XCVersionGroup section */
		12A798D62ACC2A0E007FC284 /* CopyKaspiKZ.xcdatamodeld */ = {
			isa = XCVersionGroup;
			children = (
				12A798D72ACC2A0E007FC284 /* CopyKaspiKZ.xcdatamodel */,
			);
			currentVersion = 12A798D72ACC2A0E007FC284 /* CopyKaspiKZ.xcdatamodel */;
			path = CopyKaspiKZ.xcdatamodeld;
			sourceTree = "<group>";
			versionGroupType = wrapper.xcdatamodel;
		};
/* End XCVersionGroup section */
	};
	rootObject = 12A798C22ACC2A0E007FC284 /* Project object */;
}
