// !$*UTF8*$!
{
	archiveVersion = 1;
	classes = {
	};
	objectVersion = 56;
	objects = {

/* Begin PBXBuildFile section */
		126B88792AED8A5200431400 /* MessageViewController.swift in Sources */ = {isa = PBXBuildFile; fileRef = 126B88782AED8A5200431400 /* MessageViewController.swift */; };
		126B887D2AED9F5000431400 /* MessageTableViewCell.swift in Sources */ = {isa = PBXBuildFile; fileRef = 126B887C2AED9F5000431400 /* MessageTableViewCell.swift */; };
		126B887F2AEDA01C00431400 /* ModelMessage.swift in Sources */ = {isa = PBXBuildFile; fileRef = 126B887E2AEDA01C00431400 /* ModelMessage.swift */; };
		12A798CE2ACC2A0E007FC284 /* AppDelegate.swift in Sources */ = {isa = PBXBuildFile; fileRef = 12A798CD2ACC2A0E007FC284 /* AppDelegate.swift */; };
		12A798D02ACC2A0E007FC284 /* SceneDelegate.swift in Sources */ = {isa = PBXBuildFile; fileRef = 12A798CF2ACC2A0E007FC284 /* SceneDelegate.swift */; };
		12A798D22ACC2A0E007FC284 /* MainViewController.swift in Sources */ = {isa = PBXBuildFile; fileRef = 12A798D12ACC2A0E007FC284 /* MainViewController.swift */; };
		12A798D52ACC2A0E007FC284 /* Main.storyboard in Resources */ = {isa = PBXBuildFile; fileRef = 12A798D32ACC2A0E007FC284 /* Main.storyboard */; };
		12A798D82ACC2A0E007FC284 /* CopyKaspiKZ.xcdatamodeld in Sources */ = {isa = PBXBuildFile; fileRef = 12A798D62ACC2A0E007FC284 /* CopyKaspiKZ.xcdatamodeld */; };
		12A798DA2ACC2A0F007FC284 /* Assets.xcassets in Resources */ = {isa = PBXBuildFile; fileRef = 12A798D92ACC2A0F007FC284 /* Assets.xcassets */; };
		12A798DD2ACC2A0F007FC284 /* LaunchScreen.storyboard in Resources */ = {isa = PBXBuildFile; fileRef = 12A798DB2ACC2A0F007FC284 /* LaunchScreen.storyboard */; };
		12A798EC2ACC2F61007FC284 /* PromotionCollectionViewCell.swift in Sources */ = {isa = PBXBuildFile; fileRef = 12A798EA2ACC2F61007FC284 /* PromotionCollectionViewCell.swift */; };
		12A798ED2ACC2F61007FC284 /* PromotionCollectionViewCell.xib in Resources */ = {isa = PBXBuildFile; fileRef = 12A798EB2ACC2F61007FC284 /* PromotionCollectionViewCell.xib */; };
		12A798F02ACC2F95007FC284 /* ProductBankCollectionViewCell.swift in Sources */ = {isa = PBXBuildFile; fileRef = 12A798EE2ACC2F95007FC284 /* ProductBankCollectionViewCell.swift */; };
		12A798F12ACC2F95007FC284 /* ProductBankCollectionViewCell.xib in Resources */ = {isa = PBXBuildFile; fileRef = 12A798EF2ACC2F95007FC284 /* ProductBankCollectionViewCell.xib */; };
		12A798F32ACC2FCA007FC284 /* LoginViewController.swift in Sources */ = {isa = PBXBuildFile; fileRef = 12A798F22ACC2FCA007FC284 /* LoginViewController.swift */; };
		12A798F72ACC8708007FC284 /* PromotionItem.swift in Sources */ = {isa = PBXBuildFile; fileRef = 12A798F62ACC8708007FC284 /* PromotionItem.swift */; };
		12A798FA2ACD95AB007FC284 /* OfferServicesCollectionViewCell.swift in Sources */ = {isa = PBXBuildFile; fileRef = 12A798F82ACD95AB007FC284 /* OfferServicesCollectionViewCell.swift */; };
		12A798FB2ACD95AB007FC284 /* OfferServicesCollectionViewCell.xib in Resources */ = {isa = PBXBuildFile; fileRef = 12A798F92ACD95AB007FC284 /* OfferServicesCollectionViewCell.xib */; };
		12A798FD2ACD97C9007FC284 /* OfferServiceItem.swift in Sources */ = {isa = PBXBuildFile; fileRef = 12A798FC2ACD97C9007FC284 /* OfferServiceItem.swift */; };
		12A799002AD08368007FC284 /* OfferOfGoodsCollectionViewCell.swift in Sources */ = {isa = PBXBuildFile; fileRef = 12A798FE2AD08368007FC284 /* OfferOfGoodsCollectionViewCell.swift */; };
		12A799012AD08368007FC284 /* OfferOfGoodsCollectionViewCell.xib in Resources */ = {isa = PBXBuildFile; fileRef = 12A798FF2AD08368007FC284 /* OfferOfGoodsCollectionViewCell.xib */; };
		12A799052AD0863E007FC284 /* OfferOfGoodsItem.swift in Sources */ = {isa = PBXBuildFile; fileRef = 12A799042AD0863E007FC284 /* OfferOfGoodsItem.swift */; };
		12A799082AD13346007FC284 /* ProductBankItem.swift in Sources */ = {isa = PBXBuildFile; fileRef = 12A799072AD13346007FC284 /* ProductBankItem.swift */; };
		12A7990A2AD7034F007FC284 /* MainTabBar.swift in Sources */ = {isa = PBXBuildFile; fileRef = 12A799092AD7034F007FC284 /* MainTabBar.swift */; };
		12A7990C2AD7035C007FC284 /* QRTabBar.swift in Sources */ = {isa = PBXBuildFile; fileRef = 12A7990B2AD7035C007FC284 /* QRTabBar.swift */; };
		12A7990E2AD70C2F007FC284 /* MessageTabBar.swift in Sources */ = {isa = PBXBuildFile; fileRef = 12A7990D2AD70C2F007FC284 /* MessageTabBar.swift */; };
/* End PBXBuildFile section */

/* Begin PBXFileReference section */
		126B88782AED8A5200431400 /* MessageViewController.swift */ = {isa = PBXFileReference; lastKnownFileType = sourcecode.swift; path = MessageViewController.swift; sourceTree = "<group>"; };
		126B887C2AED9F5000431400 /* MessageTableViewCell.swift */ = {isa = PBXFileReference; lastKnownFileType = sourcecode.swift; path = MessageTableViewCell.swift; sourceTree = "<group>"; };
		126B887E2AEDA01C00431400 /* ModelMessage.swift */ = {isa = PBXFileReference; lastKnownFileType = sourcecode.swift; path = ModelMessage.swift; sourceTree = "<group>"; };
		12A798CA2ACC2A0E007FC284 /* CopyKaspiKZ.app */ = {isa = PBXFileReference; explicitFileType = wrapper.application; includeInIndex = 0; path = CopyKaspiKZ.app; sourceTree = BUILT_PRODUCTS_DIR; };
		12A798CD2ACC2A0E007FC284 /* AppDelegate.swift */ = {isa = PBXFileReference; lastKnownFileType = sourcecode.swift; path = AppDelegate.swift; sourceTree = "<group>"; };
		12A798CF2ACC2A0E007FC284 /* SceneDelegate.swift */ = {isa = PBXFileReference; lastKnownFileType = sourcecode.swift; path = SceneDelegate.swift; sourceTree = "<group>"; };
		12A798D12ACC2A0E007FC284 /* MainViewController.swift */ = {isa = PBXFileReference; lastKnownFileType = sourcecode.swift; path = MainViewController.swift; sourceTree = "<group>"; };
		12A798D42ACC2A0E007FC284 /* Base */ = {isa = PBXFileReference; lastKnownFileType = file.storyboard; name = Base; path = Base.lproj/Main.storyboard; sourceTree = "<group>"; };
		12A798D72ACC2A0E007FC284 /* CopyKaspiKZ.xcdatamodel */ = {isa = PBXFileReference; lastKnownFileType = wrapper.xcdatamodel; path = CopyKaspiKZ.xcdatamodel; sourceTree = "<group>"; };
		12A798D92ACC2A0F007FC284 /* Assets.xcassets */ = {isa = PBXFileReference; lastKnownFileType = folder.assetcatalog; path = Assets.xcassets; sourceTree = "<group>"; };
		12A798DC2ACC2A0F007FC284 /* Base */ = {isa = PBXFileReference; lastKnownFileType = file.storyboard; name = Base; path = Base.lproj/LaunchScreen.storyboard; sourceTree = "<group>"; };
		12A798DE2ACC2A0F007FC284 /* Info.plist */ = {isa = PBXFileReference; lastKnownFileType = text.plist.xml; path = Info.plist; sourceTree = "<group>"; };
		12A798EA2ACC2F61007FC284 /* PromotionCollectionViewCell.swift */ = {isa = PBXFileReference; lastKnownFileType = sourcecode.swift; path = PromotionCollectionViewCell.swift; sourceTree = "<group>"; };
		12A798EB2ACC2F61007FC284 /* PromotionCollectionViewCell.xib */ = {isa = PBXFileReference; lastKnownFileType = file.xib; path = PromotionCollectionViewCell.xib; sourceTree = "<group>"; };
		12A798EE2ACC2F95007FC284 /* ProductBankCollectionViewCell.swift */ = {isa = PBXFileReference; lastKnownFileType = sourcecode.swift; path = ProductBankCollectionViewCell.swift; sourceTree = "<group>"; };
		12A798EF2ACC2F95007FC284 /* ProductBankCollectionViewCell.xib */ = {isa = PBXFileReference; lastKnownFileType = file.xib; path = ProductBankCollectionViewCell.xib; sourceTree = "<group>"; };
		12A798F22ACC2FCA007FC284 /* LoginViewController.swift */ = {isa = PBXFileReference; lastKnownFileType = sourcecode.swift; path = LoginViewController.swift; sourceTree = "<group>"; };
		12A798F62ACC8708007FC284 /* PromotionItem.swift */ = {isa = PBXFileReference; lastKnownFileType = sourcecode.swift; path = PromotionItem.swift; sourceTree = "<group>"; };
		12A798F82ACD95AB007FC284 /* OfferServicesCollectionViewCell.swift */ = {isa = PBXFileReference; lastKnownFileType = sourcecode.swift; path = OfferServicesCollectionViewCell.swift; sourceTree = "<group>"; };
		12A798F92ACD95AB007FC284 /* OfferServicesCollectionViewCell.xib */ = {isa = PBXFileReference; lastKnownFileType = file.xib; path = OfferServicesCollectionViewCell.xib; sourceTree = "<group>"; };
		12A798FC2ACD97C9007FC284 /* OfferServiceItem.swift */ = {isa = PBXFileReference; lastKnownFileType = sourcecode.swift; path = OfferServiceItem.swift; sourceTree = "<group>"; };
		12A798FE2AD08368007FC284 /* OfferOfGoodsCollectionViewCell.swift */ = {isa = PBXFileReference; lastKnownFileType = sourcecode.swift; path = OfferOfGoodsCollectionViewCell.swift; sourceTree = "<group>"; };
		12A798FF2AD08368007FC284 /* OfferOfGoodsCollectionViewCell.xib */ = {isa = PBXFileReference; lastKnownFileType = file.xib; path = OfferOfGoodsCollectionViewCell.xib; sourceTree = "<group>"; };
		12A799042AD0863E007FC284 /* OfferOfGoodsItem.swift */ = {isa = PBXFileReference; lastKnownFileType = sourcecode.swift; path = OfferOfGoodsItem.swift; sourceTree = "<group>"; };
		12A799072AD13346007FC284 /* ProductBankItem.swift */ = {isa = PBXFileReference; lastKnownFileType = sourcecode.swift; path = ProductBankItem.swift; sourceTree = "<group>"; };
		12A799092AD7034F007FC284 /* MainTabBar.swift */ = {isa = PBXFileReference; lastKnownFileType = sourcecode.swift; path = MainTabBar.swift; sourceTree = "<group>"; };
		12A7990B2AD7035C007FC284 /* QRTabBar.swift */ = {isa = PBXFileReference; lastKnownFileType = sourcecode.swift; path = QRTabBar.swift; sourceTree = "<group>"; };
		12A7990D2AD70C2F007FC284 /* MessageTabBar.swift */ = {isa = PBXFileReference; lastKnownFileType = sourcecode.swift; path = MessageTabBar.swift; sourceTree = "<group>"; };
/* End PBXFileReference section */

/* Begin PBXFrameworksBuildPhase section */
		12A798C72ACC2A0E007FC284 /* Frameworks */ = {
			isa = PBXFrameworksBuildPhase;
			buildActionMask = 2147483647;
			files = (
			);
			runOnlyForDeploymentPostprocessing = 0;
		};
/* End PBXFrameworksBuildPhase section */

/* Begin PBXGroup section */
		126B88772AED89A100431400 /* Message */ = {
			isa = PBXGroup;
			children = (
				126B88782AED8A5200431400 /* MessageViewController.swift */,
				126B887C2AED9F5000431400 /* MessageTableViewCell.swift */,
				126B887E2AEDA01C00431400 /* ModelMessage.swift */,
			);
			path = Message;
			sourceTree = "<group>";
		};
		12A798C12ACC2A0E007FC284 = {
			isa = PBXGroup;
			children = (
				12A798CC2ACC2A0E007FC284 /* CopyKaspiKZ */,
				12A798CB2ACC2A0E007FC284 /* Products */,
			);
			sourceTree = "<group>";
		};
		12A798CB2ACC2A0E007FC284 /* Products */ = {
			isa = PBXGroup;
			children = (
				12A798CA2ACC2A0E007FC284 /* CopyKaspiKZ.app */,
			);
			name = Products;
			sourceTree = "<group>";
		};
		12A798CC2ACC2A0E007FC284 /* CopyKaspiKZ */ = {
			isa = PBXGroup;
			children = (
				12A798D32ACC2A0E007FC284 /* Main.storyboard */,
				12A799062AD12B17007FC284 /* TabBar */,
				12A798E52ACC2E14007FC284 /* Login */,
				12A798E42ACC2E02007FC284 /* Main */,
				126B88772AED89A100431400 /* Message */,
				12A798CD2ACC2A0E007FC284 /* AppDelegate.swift */,
				12A798CF2ACC2A0E007FC284 /* SceneDelegate.swift */,
				12A798D92ACC2A0F007FC284 /* Assets.xcassets */,
				12A798DB2ACC2A0F007FC284 /* LaunchScreen.storyboard */,
				12A798DE2ACC2A0F007FC284 /* Info.plist */,
				12A798D62ACC2A0E007FC284 /* CopyKaspiKZ.xcdatamodeld */,
			);
			path = CopyKaspiKZ;
			sourceTree = "<group>";
		};
		12A798E42ACC2E02007FC284 /* Main */ = {
			isa = PBXGroup;
			children = (
				12A798D12ACC2A0E007FC284 /* MainViewController.swift */,
				12A798E62ACC2E62007FC284 /* Promotion */,
				12A798E72ACC2E98007FC284 /* ProductBank */,
				12A798E82ACC2EAF007FC284 /* OfferServices */,
				12A798E92ACC2EF4007FC284 /* OfferOfGoods */,
			);
			path = Main;
			sourceTree = "<group>";
		};
		12A798E52ACC2E14007FC284 /* Login */ = {
			isa = PBXGroup;
			children = (
				12A798F22ACC2FCA007FC284 /* LoginViewController.swift */,
			);
			path = Login;
			sourceTree = "<group>";
		};
		12A798E62ACC2E62007FC284 /* Promotion */ = {
			isa = PBXGroup;
			children = (
				12A798EA2ACC2F61007FC284 /* PromotionCollectionViewCell.swift */,
				12A798EB2ACC2F61007FC284 /* PromotionCollectionViewCell.xib */,
				12A798F62ACC8708007FC284 /* PromotionItem.swift */,
			);
			path = Promotion;
			sourceTree = "<group>";
		};
		12A798E72ACC2E98007FC284 /* ProductBank */ = {
			isa = PBXGroup;
			children = (
				12A798EE2ACC2F95007FC284 /* ProductBankCollectionViewCell.swift */,
				12A798EF2ACC2F95007FC284 /* ProductBankCollectionViewCell.xib */,
				12A799072AD13346007FC284 /* ProductBankItem.swift */,
			);
			path = ProductBank;
			sourceTree = "<group>";
		};
		12A798E82ACC2EAF007FC284 /* OfferServices */ = {
			isa = PBXGroup;
			children = (
				12A798F82ACD95AB007FC284 /* OfferServicesCollectionViewCell.swift */,
				12A798F92ACD95AB007FC284 /* OfferServicesCollectionViewCell.xib */,
				12A798FC2ACD97C9007FC284 /* OfferServiceItem.swift */,
			);
			path = OfferServices;
			sourceTree = "<group>";
		};
		12A798E92ACC2EF4007FC284 /* OfferOfGoods */ = {
			isa = PBXGroup;
			children = (
				12A798FE2AD08368007FC284 /* OfferOfGoodsCollectionViewCell.swift */,
				12A798FF2AD08368007FC284 /* OfferOfGoodsCollectionViewCell.xib */,
				12A799042AD0863E007FC284 /* OfferOfGoodsItem.swift */,
			);
			path = OfferOfGoods;
			sourceTree = "<group>";
		};
		12A799062AD12B17007FC284 /* TabBar */ = {
			isa = PBXGroup;
			children = (
				12A799092AD7034F007FC284 /* MainTabBar.swift */,
				12A7990B2AD7035C007FC284 /* QRTabBar.swift */,
				12A7990D2AD70C2F007FC284 /* MessageTabBar.swift */,
			);
			path = TabBar;
			sourceTree = "<group>";
		};
/* End PBXGroup section */

/* Begin PBXNativeTarget section */
		12A798C92ACC2A0E007FC284 /* CopyKaspiKZ */ = {
			isa = PBXNativeTarget;
			buildConfigurationList = 12A798E12ACC2A0F007FC284 /* Build configuration list for PBXNativeTarget "CopyKaspiKZ" */;
			buildPhases = (
				12A798C62ACC2A0E007FC284 /* Sources */,
				12A798C72ACC2A0E007FC284 /* Frameworks */,
				12A798C82ACC2A0E007FC284 /* Resources */,
			);
			buildRules = (
			);
			dependencies = (
			);
			name = CopyKaspiKZ;
			productName = CopyKaspiKZ;
			productReference = 12A798CA2ACC2A0E007FC284 /* CopyKaspiKZ.app */;
			productType = "com.apple.product-type.application";
		};
/* End PBXNativeTarget section */

/* Begin PBXProject section */
		12A798C22ACC2A0E007FC284 /* Project object */ = {
			isa = PBXProject;
			attributes = {
				BuildIndependentTargetsInParallel = 1;
				LastSwiftUpdateCheck = 1430;
				LastUpgradeCheck = 1430;
				TargetAttributes = {
					12A798C92ACC2A0E007FC284 = {
						CreatedOnToolsVersion = 14.3.1;
					};
				};
			};
			buildConfigurationList = 12A798C52ACC2A0E007FC284 /* Build configuration list for PBXProject "CopyKaspiKZ" */;
			compatibilityVersion = "Xcode 14.0";
			developmentRegion = en;
			hasScannedForEncodings = 0;
			knownRegions = (
				en,
				Base,
			);
			mainGroup = 12A798C12ACC2A0E007FC284;
			productRefGroup = 12A798CB2ACC2A0E007FC284 /* Products */;
			projectDirPath = "";
			projectRoot = "";
			targets = (
				12A798C92ACC2A0E007FC284 /* CopyKaspiKZ */,
			);
		};
/* End PBXProject section */

/* Begin PBXResourcesBuildPhase section */
		12A798C82ACC2A0E007FC284 /* Resources */ = {
			isa = PBXResourcesBuildPhase;
			buildActionMask = 2147483647;
			files = (
				12A798FB2ACD95AB007FC284 /* OfferServicesCollectionViewCell.xib in Resources */,
				12A799012AD08368007FC284 /* OfferOfGoodsCollectionViewCell.xib in Resources */,
				12A798DD2ACC2A0F007FC284 /* LaunchScreen.storyboard in Resources */,
				12A798DA2ACC2A0F007FC284 /* Assets.xcassets in Resources */,
				12A798F12ACC2F95007FC284 /* ProductBankCollectionViewCell.xib in Resources */,
				12A798ED2ACC2F61007FC284 /* PromotionCollectionViewCell.xib in Resources */,
				12A798D52ACC2A0E007FC284 /* Main.storyboard in Resources */,
			);
			runOnlyForDeploymentPostprocessing = 0;
		};
/* End PBXResourcesBuildPhase section */

/* Begin PBXSourcesBuildPhase section */
		12A798C62ACC2A0E007FC284 /* Sources */ = {
			isa = PBXSourcesBuildPhase;
			buildActionMask = 2147483647;
			files = (
				12A798F32ACC2FCA007FC284 /* LoginViewController.swift in Sources */,
				12A798F02ACC2F95007FC284 /* ProductBankCollectionViewCell.swift in Sources */,
				12A7990A2AD7034F007FC284 /* MainTabBar.swift in Sources */,
				12A798D82ACC2A0E007FC284 /* CopyKaspiKZ.xcdatamodeld in Sources */,
				12A799052AD0863E007FC284 /* OfferOfGoodsItem.swift in Sources */,
				12A798D22ACC2A0E007FC284 /* MainViewController.swift in Sources */,
				12A798F72ACC8708007FC284 /* PromotionItem.swift in Sources */,
				12A798FD2ACD97C9007FC284 /* OfferServiceItem.swift in Sources */,
				12A798CE2ACC2A0E007FC284 /* AppDelegate.swift in Sources */,
				12A7990C2AD7035C007FC284 /* QRTabBar.swift in Sources */,
				12A798EC2ACC2F61007FC284 /* PromotionCollectionViewCell.swift in Sources */,
				126B887D2AED9F5000431400 /* MessageTableViewCell.swift in Sources */,
				126B887F2AEDA01C00431400 /* ModelMessage.swift in Sources */,
				12A798D02ACC2A0E007FC284 /* SceneDelegate.swift in Sources */,
				12A799002AD08368007FC284 /* OfferOfGoodsCollectionViewCell.swift in Sources */,
				126B88792AED8A5200431400 /* MessageViewController.swift in Sources */,
				12A799082AD13346007FC284 /* ProductBankItem.swift in Sources */,
				12A798FA2ACD95AB007FC284 /* OfferServicesCollectionViewCell.swift in Sources */,
				12A7990E2AD70C2F007FC284 /* MessageTabBar.swift in Sources */,
			);
			runOnlyForDeploymentPostprocessing = 0;
		};
/* End PBXSourcesBuildPhase section */

/* Begin PBXVariantGroup section */
		12A798D32ACC2A0E007FC284 /* Main.storyboard */ = {
			isa = PBXVariantGroup;
			children = (
				12A798D42ACC2A0E007FC284 /* Base */,
			);
			name = Main.storyboard;
			sourceTree = "<group>";
		};
		12A798DB2ACC2A0F007FC284 /* LaunchScreen.storyboard */ = {
			isa = PBXVariantGroup;
			children = (
				12A798DC2ACC2A0F007FC284 /* Base */,
			);
			name = LaunchScreen.storyboard;
			sourceTree = "<group>";
		};
/* End PBXVariantGroup section */

/* Begin XCBuildConfiguration section */
		12A798DF2ACC2A0F007FC284 /* Debug */ = {
			isa = XCBuildConfiguration;
			buildSettings = {
				ALWAYS_SEARCH_USER_PATHS = NO;
				CLANG_ANALYZER_NONNULL = YES;
				CLANG_ANALYZER_NUMBER_OBJECT_CONVERSION = YES_AGGRESSIVE;
				CLANG_CXX_LANGUAGE_STANDARD = "gnu++20";
				CLANG_ENABLE_MODULES = YES;
				CLANG_ENABLE_OBJC_ARC = YES;
				CLANG_ENABLE_OBJC_WEAK = YES;
				CLANG_WARN_BLOCK_CAPTURE_AUTORELEASING = YES;
				CLANG_WARN_BOOL_CONVERSION = YES;
				CLANG_WARN_COMMA = YES;
				CLANG_WARN_CONSTANT_CONVERSION = YES;
				CLANG_WARN_DEPRECATED_OBJC_IMPLEMENTATIONS = YES;
				CLANG_WARN_DIRECT_OBJC_ISA_USAGE = YES_ERROR;
				CLANG_WARN_DOCUMENTATION_COMMENTS = YES;
				CLANG_WARN_EMPTY_BODY = YES;
				CLANG_WARN_ENUM_CONVERSION = YES;
				CLANG_WARN_INFINITE_RECURSION = YES;
				CLANG_WARN_INT_CONVERSION = YES;
				CLANG_WARN_NON_LITERAL_NULL_CONVERSION = YES;
				CLANG_WARN_OBJC_IMPLICIT_RETAIN_SELF = YES;
				CLANG_WARN_OBJC_LITERAL_CONVERSION = YES;
				CLANG_WARN_OBJC_ROOT_CLASS = YES_ERROR;
				CLANG_WARN_QUOTED_INCLUDE_IN_FRAMEWORK_HEADER = YES;
				CLANG_WARN_RANGE_LOOP_ANALYSIS = YES;
				CLANG_WARN_STRICT_PROTOTYPES = YES;
				CLANG_WARN_SUSPICIOUS_MOVE = YES;
				CLANG_WARN_UNGUARDED_AVAILABILITY = YES_AGGRESSIVE;
				CLANG_WARN_UNREACHABLE_CODE = YES;
				CLANG_WARN__DUPLICATE_METHOD_MATCH = YES;
				COPY_PHASE_STRIP = NO;
				DEBUG_INFORMATION_FORMAT = dwarf;
				ENABLE_STRICT_OBJC_MSGSEND = YES;
				ENABLE_TESTABILITY = YES;
				GCC_C_LANGUAGE_STANDARD = gnu11;
				GCC_DYNAMIC_NO_PIC = NO;
				GCC_NO_COMMON_BLOCKS = YES;
				GCC_OPTIMIZATION_LEVEL = 0;
				GCC_PREPROCESSOR_DEFINITIONS = (
					"DEBUG=1",
					"$(inherited)",
				);
				GCC_WARN_64_TO_32_BIT_CONVERSION = YES;
				GCC_WARN_ABOUT_RETURN_TYPE = YES_ERROR;
				GCC_WARN_UNDECLARED_SELECTOR = YES;
				GCC_WARN_UNINITIALIZED_AUTOS = YES_AGGRESSIVE;
				GCC_WARN_UNUSED_FUNCTION = YES;
				GCC_WARN_UNUSED_VARIABLE = YES;
				IPHONEOS_DEPLOYMENT_TARGET = 16.0;
				MTL_ENABLE_DEBUG_INFO = INCLUDE_SOURCE;
				MTL_FAST_MATH = YES;
				ONLY_ACTIVE_ARCH = YES;
				SDKROOT = iphoneos;
				SWIFT_ACTIVE_COMPILATION_CONDITIONS = DEBUG;
				SWIFT_OPTIMIZATION_LEVEL = "-Onone";
			};
			name = Debug;
		};
		12A798E02ACC2A0F007FC284 /* Release */ = {
			isa = XCBuildConfiguration;
			buildSettings = {
				ALWAYS_SEARCH_USER_PATHS = NO;
				CLANG_ANALYZER_NONNULL = YES;
				CLANG_ANALYZER_NUMBER_OBJECT_CONVERSION = YES_AGGRESSIVE;
				CLANG_CXX_LANGUAGE_STANDARD = "gnu++20";
				CLANG_ENABLE_MODULES = YES;
				CLANG_ENABLE_OBJC_ARC = YES;
				CLANG_ENABLE_OBJC_WEAK = YES;
				CLANG_WARN_BLOCK_CAPTURE_AUTORELEASING = YES;
				CLANG_WARN_BOOL_CONVERSION = YES;
				CLANG_WARN_COMMA = YES;
				CLANG_WARN_CONSTANT_CONVERSION = YES;
				CLANG_WARN_DEPRECATED_OBJC_IMPLEMENTATIONS = YES;
				CLANG_WARN_DIRECT_OBJC_ISA_USAGE = YES_ERROR;
				CLANG_WARN_DOCUMENTATION_COMMENTS = YES;
				CLANG_WARN_EMPTY_BODY = YES;
				CLANG_WARN_ENUM_CONVERSION = YES;
				CLANG_WARN_INFINITE_RECURSION = YES;
				CLANG_WARN_INT_CONVERSION = YES;
				CLANG_WARN_NON_LITERAL_NULL_CONVERSION = YES;
				CLANG_WARN_OBJC_IMPLICIT_RETAIN_SELF = YES;
				CLANG_WARN_OBJC_LITERAL_CONVERSION = YES;
				CLANG_WARN_OBJC_ROOT_CLASS = YES_ERROR;
				CLANG_WARN_QUOTED_INCLUDE_IN_FRAMEWORK_HEADER = YES;
				CLANG_WARN_RANGE_LOOP_ANALYSIS = YES;
				CLANG_WARN_STRICT_PROTOTYPES = YES;
				CLANG_WARN_SUSPICIOUS_MOVE = YES;
				CLANG_WARN_UNGUARDED_AVAILABILITY = YES_AGGRESSIVE;
				CLANG_WARN_UNREACHABLE_CODE = YES;
				CLANG_WARN__DUPLICATE_METHOD_MATCH = YES;
				COPY_PHASE_STRIP = NO;
				DEBUG_INFORMATION_FORMAT = "dwarf-with-dsym";
				ENABLE_NS_ASSERTIONS = NO;
				ENABLE_STRICT_OBJC_MSGSEND = YES;
				GCC_C_LANGUAGE_STANDARD = gnu11;
				GCC_NO_COMMON_BLOCKS = YES;
				GCC_WARN_64_TO_32_BIT_CONVERSION = YES;
				GCC_WARN_ABOUT_RETURN_TYPE = YES_ERROR;
				GCC_WARN_UNDECLARED_SELECTOR = YES;
				GCC_WARN_UNINITIALIZED_AUTOS = YES_AGGRESSIVE;
				GCC_WARN_UNUSED_FUNCTION = YES;
				GCC_WARN_UNUSED_VARIABLE = YES;
				IPHONEOS_DEPLOYMENT_TARGET = 16.0;
				MTL_ENABLE_DEBUG_INFO = NO;
				MTL_FAST_MATH = YES;
				SDKROOT = iphoneos;
				SWIFT_COMPILATION_MODE = wholemodule;
				SWIFT_OPTIMIZATION_LEVEL = "-O";
				VALIDATE_PRODUCT = YES;
			};
			name = Release;
		};
		12A798E22ACC2A0F007FC284 /* Debug */ = {
			isa = XCBuildConfiguration;
			buildSettings = {
				ASSETCATALOG_COMPILER_APPICON_NAME = AppIcon;
				ASSETCATALOG_COMPILER_GLOBAL_ACCENT_COLOR_NAME = AccentColor;
				CODE_SIGN_IDENTITY = "Apple Development";
				CODE_SIGN_STYLE = Automatic;
				CURRENT_PROJECT_VERSION = 1;
				DEVELOPMENT_TEAM = H6D7248TAX;
				GENERATE_INFOPLIST_FILE = YES;
				INFOPLIST_FILE = CopyKaspiKZ/Info.plist;
				INFOPLIST_KEY_UIApplicationSupportsIndirectInputEvents = YES;
				INFOPLIST_KEY_UILaunchStoryboardName = LaunchScreen;
				INFOPLIST_KEY_UIMainStoryboardFile = Main;
				INFOPLIST_KEY_UISupportedInterfaceOrientations_iPad = "UIInterfaceOrientationPortrait UIInterfaceOrientationPortraitUpsideDown UIInterfaceOrientationLandscapeLeft UIInterfaceOrientationLandscapeRight";
				INFOPLIST_KEY_UISupportedInterfaceOrientations_iPhone = "UIInterfaceOrientationPortrait UIInterfaceOrientationLandscapeLeft UIInterfaceOrientationLandscapeRight";
				IPHONEOS_DEPLOYMENT_TARGET = 16.0;
				LD_RUNPATH_SEARCH_PATHS = (
					"$(inherited)",
					"@executable_path/Frameworks",
				);
				MARKETING_VERSION = 1.0;
				PRODUCT_BUNDLE_IDENTIFIER = Akaev.CopyKaspiKZ;
				PRODUCT_NAME = "$(TARGET_NAME)";
				PROVISIONING_PROFILE_SPECIFIER = "";
				SWIFT_EMIT_LOC_STRINGS = YES;
				SWIFT_VERSION = 5.0;
				TARGETED_DEVICE_FAMILY = "1,2";
			};
			name = Debug;
		};
		12A798E32ACC2A0F007FC284 /* Release */ = {
			isa = XCBuildConfiguration;
			buildSettings = {
				ASSETCATALOG_COMPILER_APPICON_NAME = AppIcon;
				ASSETCATALOG_COMPILER_GLOBAL_ACCENT_COLOR_NAME = AccentColor;
				CODE_SIGN_IDENTITY = "Apple Development";
				CODE_SIGN_STYLE = Automatic;
				CURRENT_PROJECT_VERSION = 1;
				DEVELOPMENT_TEAM = H6D7248TAX;
				GENERATE_INFOPLIST_FILE = YES;
				INFOPLIST_FILE = CopyKaspiKZ/Info.plist;
				INFOPLIST_KEY_UIApplicationSupportsIndirectInputEvents = YES;
				INFOPLIST_KEY_UILaunchStoryboardName = LaunchScreen;
				INFOPLIST_KEY_UIMainStoryboardFile = Main;
				INFOPLIST_KEY_UISupportedInterfaceOrientations_iPad = "UIInterfaceOrientationPortrait UIInterfaceOrientationPortraitUpsideDown UIInterfaceOrientationLandscapeLeft UIInterfaceOrientationLandscapeRight";
				INFOPLIST_KEY_UISupportedInterfaceOrientations_iPhone = "UIInterfaceOrientationPortrait UIInterfaceOrientationLandscapeLeft UIInterfaceOrientationLandscapeRight";
				IPHONEOS_DEPLOYMENT_TARGET = 16.0;
				LD_RUNPATH_SEARCH_PATHS = (
					"$(inherited)",
					"@executable_path/Frameworks",
				);
				MARKETING_VERSION = 1.0;
				PRODUCT_BUNDLE_IDENTIFIER = Akaev.CopyKaspiKZ;
				PRODUCT_NAME = "$(TARGET_NAME)";
				PROVISIONING_PROFILE_SPECIFIER = "";
				SWIFT_EMIT_LOC_STRINGS = YES;
				SWIFT_VERSION = 5.0;
				TARGETED_DEVICE_FAMILY = "1,2";
			};
			name = Release;
		};
/* End XCBuildConfiguration section */

/* Begin XCConfigurationList section */
		12A798C52ACC2A0E007FC284 /* Build configuration list for PBXProject "CopyKaspiKZ" */ = {
			isa = XCConfigurationList;
			buildConfigurations = (
				12A798DF2ACC2A0F007FC284 /* Debug */,
				12A798E02ACC2A0F007FC284 /* Release */,
			);
			defaultConfigurationIsVisible = 0;
			defaultConfigurationName = Release;
		};
		12A798E12ACC2A0F007FC284 /* Build configuration list for PBXNativeTarget "CopyKaspiKZ" */ = {
			isa = XCConfigurationList;
			buildConfigurations = (
				12A798E22ACC2A0F007FC284 /* Debug */,
				12A798E32ACC2A0F007FC284 /* Release */,
			);
			defaultConfigurationIsVisible = 0;
			defaultConfigurationName = Release;
		};
/* End XCConfigurationList section */

/* Begin XCVersionGroup section */
		12A798D62ACC2A0E007FC284 /* CopyKaspiKZ.xcdatamodeld */ = {
			isa = XCVersionGroup;
			children = (
				12A798D72ACC2A0E007FC284 /* CopyKaspiKZ.xcdatamodel */,
			);
			currentVersion = 12A798D72ACC2A0E007FC284 /* CopyKaspiKZ.xcdatamodel */;
			path = CopyKaspiKZ.xcdatamodeld;
			sourceTree = "<group>";
			versionGroupType = wrapper.xcdatamodel;
		};
/* End XCVersionGroup section */
	};
	rootObject = 12A798C22ACC2A0E007FC284 /* Project object */;
}
