// !$*UTF8*$!
{
	archiveVersion = 1;
	classes = {
	};
	objectVersion = 56;
	objects = {

/* Begin PBXBuildFile section */
		12A1D3CB56226D2E2AFD2E78 /* Pods_KinokzCopyTests.framework in Frameworks */ = {isa = PBXBuildFile; fileRef = 10A55A9A1E03AB71D601DE1B /* Pods_KinokzCopyTests.framework */; };
		12FC87232A7BE65F00717196 /* AppDelegate.swift in Sources */ = {isa = PBXBuildFile; fileRef = 12FC87222A7BE65F00717196 /* AppDelegate.swift */; };
		12FC87252A7BE65F00717196 /* SceneDelegate.swift in Sources */ = {isa = PBXBuildFile; fileRef = 12FC87242A7BE65F00717196 /* SceneDelegate.swift */; };
		12FC87272A7BE65F00717196 /* ViewController.swift in Sources */ = {isa = PBXBuildFile; fileRef = 12FC87262A7BE65F00717196 /* ViewController.swift */; };
		12FC872A2A7BE65F00717196 /* Main.storyboard in Resources */ = {isa = PBXBuildFile; fileRef = 12FC87282A7BE65F00717196 /* Main.storyboard */; };
		12FC872C2A7BE66000717196 /* Assets.xcassets in Resources */ = {isa = PBXBuildFile; fileRef = 12FC872B2A7BE66000717196 /* Assets.xcassets */; };
		12FC872F2A7BE66000717196 /* LaunchScreen.storyboard in Resources */ = {isa = PBXBuildFile; fileRef = 12FC872D2A7BE66000717196 /* LaunchScreen.storyboard */; };
		12FC875E2A7BEB9B00717196 /* TopCell.swift in Sources */ = {isa = PBXBuildFile; fileRef = 12FC875C2A7BEB9B00717196 /* TopCell.swift */; };
		12FC875F2A7BEB9B00717196 /* TopCell.xib in Resources */ = {isa = PBXBuildFile; fileRef = 12FC875D2A7BEB9B00717196 /* TopCell.xib */; };
		12FC87622A7BEBDA00717196 /* ConcertCell.swift in Sources */ = {isa = PBXBuildFile; fileRef = 12FC87602A7BEBDA00717196 /* ConcertCell.swift */; };
		12FC87632A7BEBDA00717196 /* ConcertCell.xib in Resources */ = {isa = PBXBuildFile; fileRef = 12FC87612A7BEBDA00717196 /* ConcertCell.xib */; };
		12FC87662A7BEBEB00717196 /* DataCell.swift in Sources */ = {isa = PBXBuildFile; fileRef = 12FC87642A7BEBEB00717196 /* DataCell.swift */; };
		12FC87672A7BEBEB00717196 /* DataCell.xib in Resources */ = {isa = PBXBuildFile; fileRef = 12FC87652A7BEBEB00717196 /* DataCell.xib */; };
		12FC876A2A7BEBFE00717196 /* MovieCell.swift in Sources */ = {isa = PBXBuildFile; fileRef = 12FC87682A7BEBFE00717196 /* MovieCell.swift */; };
		12FC876B2A7BEBFE00717196 /* MovieCell.xib in Resources */ = {isa = PBXBuildFile; fileRef = 12FC87692A7BEBFE00717196 /* MovieCell.xib */; };
		9B77829177702A2602F09828 /* Pods_KinokzCopy.framework in Frameworks */ = {isa = PBXBuildFile; fileRef = 1284656B4A32020500C46BEC /* Pods_KinokzCopy.framework */; };
		B713F244FD44372416A7BF86 /* Pods_KinokzCopy_KinokzCopyUITests.framework in Frameworks */ = {isa = PBXBuildFile; fileRef = 2B01157DA0DD603D939AB797 /* Pods_KinokzCopy_KinokzCopyUITests.framework */; };
/* End PBXBuildFile section */

/* Begin PBXContainerItemProxy section */
		12FC87362A7BE66000717196 /* PBXContainerItemProxy */ = {
			isa = PBXContainerItemProxy;
			containerPortal = 12FC87172A7BE65F00717196 /* Project object */;
			proxyType = 1;
			remoteGlobalIDString = 12FC871E2A7BE65F00717196;
			remoteInfo = KinokzCopy;
		};
		12FC87402A7BE66000717196 /* PBXContainerItemProxy */ = {
			isa = PBXContainerItemProxy;
			containerPortal = 12FC87172A7BE65F00717196 /* Project object */;
			proxyType = 1;
			remoteGlobalIDString = 12FC871E2A7BE65F00717196;
			remoteInfo = KinokzCopy;
		};
/* End PBXContainerItemProxy section */

/* Begin PBXFileReference section */
		10A55A9A1E03AB71D601DE1B /* Pods_KinokzCopyTests.framework */ = {isa = PBXFileReference; explicitFileType = wrapper.framework; includeInIndex = 0; path = Pods_KinokzCopyTests.framework; sourceTree = BUILT_PRODUCTS_DIR; };
		1284656B4A32020500C46BEC /* Pods_KinokzCopy.framework */ = {isa = PBXFileReference; explicitFileType = wrapper.framework; includeInIndex = 0; path = Pods_KinokzCopy.framework; sourceTree = BUILT_PRODUCTS_DIR; };
		12FC871F2A7BE65F00717196 /* KinokzCopy.app */ = {isa = PBXFileReference; explicitFileType = wrapper.application; includeInIndex = 0; path = KinokzCopy.app; sourceTree = BUILT_PRODUCTS_DIR; };
		12FC87222A7BE65F00717196 /* AppDelegate.swift */ = {isa = PBXFileReference; lastKnownFileType = sourcecode.swift; path = AppDelegate.swift; sourceTree = "<group>"; };
		12FC87242A7BE65F00717196 /* SceneDelegate.swift */ = {isa = PBXFileReference; lastKnownFileType = sourcecode.swift; path = SceneDelegate.swift; sourceTree = "<group>"; };
		12FC87262A7BE65F00717196 /* ViewController.swift */ = {isa = PBXFileReference; lastKnownFileType = sourcecode.swift; path = ViewController.swift; sourceTree = "<group>"; };
		12FC87292A7BE65F00717196 /* Base */ = {isa = PBXFileReference; lastKnownFileType = file.storyboard; name = Base; path = Base.lproj/Main.storyboard; sourceTree = "<group>"; };
		12FC872B2A7BE66000717196 /* Assets.xcassets */ = {isa = PBXFileReference; lastKnownFileType = folder.assetcatalog; path = Assets.xcassets; sourceTree = "<group>"; };
		12FC872E2A7BE66000717196 /* Base */ = {isa = PBXFileReference; lastKnownFileType = file.storyboard; name = Base; path = Base.lproj/LaunchScreen.storyboard; sourceTree = "<group>"; };
		12FC87302A7BE66000717196 /* Info.plist */ = {isa = PBXFileReference; lastKnownFileType = text.plist.xml; path = Info.plist; sourceTree = "<group>"; };
		12FC87352A7BE66000717196 /* KinokzCopyTests.xctest */ = {isa = PBXFileReference; explicitFileType = wrapper.cfbundle; includeInIndex = 0; path = KinokzCopyTests.xctest; sourceTree = BUILT_PRODUCTS_DIR; };
		12FC873F2A7BE66000717196 /* KinokzCopyUITests.xctest */ = {isa = PBXFileReference; explicitFileType = wrapper.cfbundle; includeInIndex = 0; path = KinokzCopyUITests.xctest; sourceTree = BUILT_PRODUCTS_DIR; };
		12FC875C2A7BEB9B00717196 /* TopCell.swift */ = {isa = PBXFileReference; lastKnownFileType = sourcecode.swift; path = TopCell.swift; sourceTree = "<group>"; };
		12FC875D2A7BEB9B00717196 /* TopCell.xib */ = {isa = PBXFileReference; lastKnownFileType = file.xib; path = TopCell.xib; sourceTree = "<group>"; };
		12FC87602A7BEBDA00717196 /* ConcertCell.swift */ = {isa = PBXFileReference; lastKnownFileType = sourcecode.swift; path = ConcertCell.swift; sourceTree = "<group>"; };
		12FC87612A7BEBDA00717196 /* ConcertCell.xib */ = {isa = PBXFileReference; lastKnownFileType = file.xib; path = ConcertCell.xib; sourceTree = "<group>"; };
		12FC87642A7BEBEB00717196 /* DataCell.swift */ = {isa = PBXFileReference; lastKnownFileType = sourcecode.swift; path = DataCell.swift; sourceTree = "<group>"; };
		12FC87652A7BEBEB00717196 /* DataCell.xib */ = {isa = PBXFileReference; lastKnownFileType = file.xib; path = DataCell.xib; sourceTree = "<group>"; };
		12FC87682A7BEBFE00717196 /* MovieCell.swift */ = {isa = PBXFileReference; lastKnownFileType = sourcecode.swift; path = MovieCell.swift; sourceTree = "<group>"; };
		12FC87692A7BEBFE00717196 /* MovieCell.xib */ = {isa = PBXFileReference; lastKnownFileType = file.xib; path = MovieCell.xib; sourceTree = "<group>"; };
		2B01157DA0DD603D939AB797 /* Pods_KinokzCopy_KinokzCopyUITests.framework */ = {isa = PBXFileReference; explicitFileType = wrapper.framework; includeInIndex = 0; path = Pods_KinokzCopy_KinokzCopyUITests.framework; sourceTree = BUILT_PRODUCTS_DIR; };
		2D114E90F671CAFD18AD77C3 /* Pods-KinokzCopy.debug.xcconfig */ = {isa = PBXFileReference; includeInIndex = 1; lastKnownFileType = text.xcconfig; name = "Pods-KinokzCopy.debug.xcconfig"; path = "Target Support Files/Pods-KinokzCopy/Pods-KinokzCopy.debug.xcconfig"; sourceTree = "<group>"; };
		3780610D69B788C099BE7C4F /* Pods-KinokzCopy.release.xcconfig */ = {isa = PBXFileReference; includeInIndex = 1; lastKnownFileType = text.xcconfig; name = "Pods-KinokzCopy.release.xcconfig"; path = "Target Support Files/Pods-KinokzCopy/Pods-KinokzCopy.release.xcconfig"; sourceTree = "<group>"; };
		70211507534092E8856CF061 /* Pods-KinokzCopyTests.debug.xcconfig */ = {isa = PBXFileReference; includeInIndex = 1; lastKnownFileType = text.xcconfig; name = "Pods-KinokzCopyTests.debug.xcconfig"; path = "Target Support Files/Pods-KinokzCopyTests/Pods-KinokzCopyTests.debug.xcconfig"; sourceTree = "<group>"; };
		CEB104115E9D264C72BC989F /* Pods-KinokzCopyTests.release.xcconfig */ = {isa = PBXFileReference; includeInIndex = 1; lastKnownFileType = text.xcconfig; name = "Pods-KinokzCopyTests.release.xcconfig"; path = "Target Support Files/Pods-KinokzCopyTests/Pods-KinokzCopyTests.release.xcconfig"; sourceTree = "<group>"; };
		D19BB93B77CD376F01ED60A9 /* Pods-KinokzCopy-KinokzCopyUITests.release.xcconfig */ = {isa = PBXFileReference; includeInIndex = 1; lastKnownFileType = text.xcconfig; name = "Pods-KinokzCopy-KinokzCopyUITests.release.xcconfig"; path = "Target Support Files/Pods-KinokzCopy-KinokzCopyUITests/Pods-KinokzCopy-KinokzCopyUITests.release.xcconfig"; sourceTree = "<group>"; };
		E20AAD99AADD1462A0E31C5A /* Pods-KinokzCopy-KinokzCopyUITests.debug.xcconfig */ = {isa = PBXFileReference; includeInIndex = 1; lastKnownFileType = text.xcconfig; name = "Pods-KinokzCopy-KinokzCopyUITests.debug.xcconfig"; path = "Target Support Files/Pods-KinokzCopy-KinokzCopyUITests/Pods-KinokzCopy-KinokzCopyUITests.debug.xcconfig"; sourceTree = "<group>"; };
/* End PBXFileReference section */

/* Begin PBXFrameworksBuildPhase section */
		12FC871C2A7BE65F00717196 /* Frameworks */ = {
			isa = PBXFrameworksBuildPhase;
			buildActionMask = 2147483647;
			files = (
				9B77829177702A2602F09828 /* Pods_KinokzCopy.framework in Frameworks */,
			);
			runOnlyForDeploymentPostprocessing = 0;
		};
		12FC87322A7BE66000717196 /* Frameworks */ = {
			isa = PBXFrameworksBuildPhase;
			buildActionMask = 2147483647;
			files = (
				12A1D3CB56226D2E2AFD2E78 /* Pods_KinokzCopyTests.framework in Frameworks */,
			);
			runOnlyForDeploymentPostprocessing = 0;
		};
		12FC873C2A7BE66000717196 /* Frameworks */ = {
			isa = PBXFrameworksBuildPhase;
			buildActionMask = 2147483647;
			files = (
				B713F244FD44372416A7BF86 /* Pods_KinokzCopy_KinokzCopyUITests.framework in Frameworks */,
			);
			runOnlyForDeploymentPostprocessing = 0;
		};
/* End PBXFrameworksBuildPhase section */

/* Begin PBXGroup section */
		0453A2272294BB9B7AC41CCF /* Frameworks */ = {
			isa = PBXGroup;
			children = (
				1284656B4A32020500C46BEC /* Pods_KinokzCopy.framework */,
				2B01157DA0DD603D939AB797 /* Pods_KinokzCopy_KinokzCopyUITests.framework */,
				10A55A9A1E03AB71D601DE1B /* Pods_KinokzCopyTests.framework */,
			);
			name = Frameworks;
			sourceTree = "<group>";
		};
		12FC87162A7BE65F00717196 = {
			isa = PBXGroup;
			children = (
				12FC87212A7BE65F00717196 /* KinokzCopy */,
				12FC87202A7BE65F00717196 /* Products */,
				987ADABAD515C6B7D0A7B043 /* Pods */,
				0453A2272294BB9B7AC41CCF /* Frameworks */,
			);
			sourceTree = "<group>";
		};
		12FC87202A7BE65F00717196 /* Products */ = {
			isa = PBXGroup;
			children = (
				12FC871F2A7BE65F00717196 /* KinokzCopy.app */,
				12FC87352A7BE66000717196 /* KinokzCopyTests.xctest */,
				12FC873F2A7BE66000717196 /* KinokzCopyUITests.xctest */,
			);
			name = Products;
			sourceTree = "<group>";
		};
		12FC87212A7BE65F00717196 /* KinokzCopy */ = {
			isa = PBXGroup;
			children = (
				12FC87532A7BEADE00717196 /* Concert Cell */,
				12FC87542A7BEAEB00717196 /* Data Cell */,
				12FC87522A7BEACF00717196 /* Top Cell */,
				12FC87552A7BEAF600717196 /* Movie Cell */,
				12FC87222A7BE65F00717196 /* AppDelegate.swift */,
				12FC87242A7BE65F00717196 /* SceneDelegate.swift */,
				12FC87262A7BE65F00717196 /* ViewController.swift */,
				12FC87282A7BE65F00717196 /* Main.storyboard */,
				12FC872B2A7BE66000717196 /* Assets.xcassets */,
				12FC872D2A7BE66000717196 /* LaunchScreen.storyboard */,
				12FC87302A7BE66000717196 /* Info.plist */,
			);
			path = KinokzCopy;
			sourceTree = "<group>";
		};
		12FC87522A7BEACF00717196 /* Top Cell */ = {
			isa = PBXGroup;
			children = (
				12FC875C2A7BEB9B00717196 /* TopCell.swift */,
				12FC875D2A7BEB9B00717196 /* TopCell.xib */,
			);
			path = "Top Cell";
			sourceTree = "<group>";
		};
		12FC87532A7BEADE00717196 /* Concert Cell */ = {
			isa = PBXGroup;
			children = (
				12FC87602A7BEBDA00717196 /* ConcertCell.swift */,
				12FC87612A7BEBDA00717196 /* ConcertCell.xib */,
			);
			path = "Concert Cell";
			sourceTree = "<group>";
		};
		12FC87542A7BEAEB00717196 /* Data Cell */ = {
			isa = PBXGroup;
			children = (
				12FC87642A7BEBEB00717196 /* DataCell.swift */,
				12FC87652A7BEBEB00717196 /* DataCell.xib */,
			);
			path = "Data Cell";
			sourceTree = "<group>";
		};
		12FC87552A7BEAF600717196 /* Movie Cell */ = {
			isa = PBXGroup;
			children = (
				12FC87682A7BEBFE00717196 /* MovieCell.swift */,
				12FC87692A7BEBFE00717196 /* MovieCell.xib */,
			);
			path = "Movie Cell";
			sourceTree = "<group>";
		};
		987ADABAD515C6B7D0A7B043 /* Pods */ = {
			isa = PBXGroup;
			children = (
				2D114E90F671CAFD18AD77C3 /* Pods-KinokzCopy.debug.xcconfig */,
				3780610D69B788C099BE7C4F /* Pods-KinokzCopy.release.xcconfig */,
				E20AAD99AADD1462A0E31C5A /* Pods-KinokzCopy-KinokzCopyUITests.debug.xcconfig */,
				D19BB93B77CD376F01ED60A9 /* Pods-KinokzCopy-KinokzCopyUITests.release.xcconfig */,
				70211507534092E8856CF061 /* Pods-KinokzCopyTests.debug.xcconfig */,
				CEB104115E9D264C72BC989F /* Pods-KinokzCopyTests.release.xcconfig */,
			);
			name = Pods;
			path = Pods;
			sourceTree = "<group>";
		};
/* End PBXGroup section */

/* Begin PBXNativeTarget section */
		12FC871E2A7BE65F00717196 /* KinokzCopy */ = {
			isa = PBXNativeTarget;
			buildConfigurationList = 12FC87492A7BE66000717196 /* Build configuration list for PBXNativeTarget "KinokzCopy" */;
			buildPhases = (
				F108EC579CD922D26C5911C3 /* [CP] Check Pods Manifest.lock */,
				12FC871B2A7BE65F00717196 /* Sources */,
				12FC871C2A7BE65F00717196 /* Frameworks */,
				12FC871D2A7BE65F00717196 /* Resources */,
				F53EC995EA17EAA460F692C0 /* [CP] Embed Pods Frameworks */,
			);
			buildRules = (
			);
			dependencies = (
			);
			name = KinokzCopy;
			productName = KinokzCopy;
			productReference = 12FC871F2A7BE65F00717196 /* KinokzCopy.app */;
			productType = "com.apple.product-type.application";
		};
		12FC87342A7BE66000717196 /* KinokzCopyTests */ = {
			isa = PBXNativeTarget;
			buildConfigurationList = 12FC874C2A7BE66000717196 /* Build configuration list for PBXNativeTarget "KinokzCopyTests" */;
			buildPhases = (
				660EF0D7E449D97F6EF698A7 /* [CP] Check Pods Manifest.lock */,
				12FC87312A7BE66000717196 /* Sources */,
				12FC87322A7BE66000717196 /* Frameworks */,
				12FC87332A7BE66000717196 /* Resources */,
			);
			buildRules = (
			);
			dependencies = (
				12FC87372A7BE66000717196 /* PBXTargetDependency */,
			);
			name = KinokzCopyTests;
			productName = KinokzCopyTests;
			productReference = 12FC87352A7BE66000717196 /* KinokzCopyTests.xctest */;
			productType = "com.apple.product-type.bundle.unit-test";
		};
		12FC873E2A7BE66000717196 /* KinokzCopyUITests */ = {
			isa = PBXNativeTarget;
			buildConfigurationList = 12FC874F2A7BE66000717196 /* Build configuration list for PBXNativeTarget "KinokzCopyUITests" */;
			buildPhases = (
				80FC35A1D10560C58B684B43 /* [CP] Check Pods Manifest.lock */,
				12FC873B2A7BE66000717196 /* Sources */,
				12FC873C2A7BE66000717196 /* Frameworks */,
				12FC873D2A7BE66000717196 /* Resources */,
				3D0C0E8059769674016840BD /* [CP] Embed Pods Frameworks */,
			);
			buildRules = (
			);
			dependencies = (
				12FC87412A7BE66000717196 /* PBXTargetDependency */,
			);
			name = KinokzCopyUITests;
			productName = KinokzCopyUITests;
			productReference = 12FC873F2A7BE66000717196 /* KinokzCopyUITests.xctest */;
			productType = "com.apple.product-type.bundle.ui-testing";
		};
/* End PBXNativeTarget section */

/* Begin PBXProject section */
		12FC87172A7BE65F00717196 /* Project object */ = {
			isa = PBXProject;
			attributes = {
				BuildIndependentTargetsInParallel = 1;
				LastSwiftUpdateCheck = 1430;
				LastUpgradeCheck = 1430;
				TargetAttributes = {
					12FC871E2A7BE65F00717196 = {
						CreatedOnToolsVersion = 14.3.1;
					};
					12FC87342A7BE66000717196 = {
						CreatedOnToolsVersion = 14.3.1;
						TestTargetID = 12FC871E2A7BE65F00717196;
					};
					12FC873E2A7BE66000717196 = {
						CreatedOnToolsVersion = 14.3.1;
						TestTargetID = 12FC871E2A7BE65F00717196;
					};
				};
			};
			buildConfigurationList = 12FC871A2A7BE65F00717196 /* Build configuration list for PBXProject "KinokzCopy" */;
			compatibilityVersion = "Xcode 14.0";
			developmentRegion = en;
			hasScannedForEncodings = 0;
			knownRegions = (
				en,
				Base,
			);
			mainGroup = 12FC87162A7BE65F00717196;
			productRefGroup = 12FC87202A7BE65F00717196 /* Products */;
			projectDirPath = "";
			projectRoot = "";
			targets = (
				12FC871E2A7BE65F00717196 /* KinokzCopy */,
				12FC87342A7BE66000717196 /* KinokzCopyTests */,
				12FC873E2A7BE66000717196 /* KinokzCopyUITests */,
			);
		};
/* End PBXProject section */

/* Begin PBXResourcesBuildPhase section */
		12FC871D2A7BE65F00717196 /* Resources */ = {
			isa = PBXResourcesBuildPhase;
			buildActionMask = 2147483647;
			files = (
				12FC872F2A7BE66000717196 /* LaunchScreen.storyboard in Resources */,
				12FC876B2A7BEBFE00717196 /* MovieCell.xib in Resources */,
				12FC87672A7BEBEB00717196 /* DataCell.xib in Resources */,
				12FC872C2A7BE66000717196 /* Assets.xcassets in Resources */,
				12FC872A2A7BE65F00717196 /* Main.storyboard in Resources */,
				12FC875F2A7BEB9B00717196 /* TopCell.xib in Resources */,
				12FC87632A7BEBDA00717196 /* ConcertCell.xib in Resources */,
			);
			runOnlyForDeploymentPostprocessing = 0;
		};
		12FC87332A7BE66000717196 /* Resources */ = {
			isa = PBXResourcesBuildPhase;
			buildActionMask = 2147483647;
			files = (
			);
			runOnlyForDeploymentPostprocessing = 0;
		};
		12FC873D2A7BE66000717196 /* Resources */ = {
			isa = PBXResourcesBuildPhase;
			buildActionMask = 2147483647;
			files = (
			);
			runOnlyForDeploymentPostprocessing = 0;
		};
/* End PBXResourcesBuildPhase section */

/* Begin PBXShellScriptBuildPhase section */
		3D0C0E8059769674016840BD /* [CP] Embed Pods Frameworks */ = {
			isa = PBXShellScriptBuildPhase;
			buildActionMask = 2147483647;
			files = (
			);
			inputFileListPaths = (
				"${PODS_ROOT}/Target Support Files/Pods-KinokzCopy-KinokzCopyUITests/Pods-KinokzCopy-KinokzCopyUITests-frameworks-${CONFIGURATION}-input-files.xcfilelist",
			);
			name = "[CP] Embed Pods Frameworks";
			outputFileListPaths = (
				"${PODS_ROOT}/Target Support Files/Pods-KinokzCopy-KinokzCopyUITests/Pods-KinokzCopy-KinokzCopyUITests-frameworks-${CONFIGURATION}-output-files.xcfilelist",
			);
			runOnlyForDeploymentPostprocessing = 0;
			shellPath = /bin/sh;
			shellScript = "\"${PODS_ROOT}/Target Support Files/Pods-KinokzCopy-KinokzCopyUITests/Pods-KinokzCopy-KinokzCopyUITests-frameworks.sh\"\n";
			showEnvVarsInLog = 0;
		};
		660EF0D7E449D97F6EF698A7 /* [CP] Check Pods Manifest.lock */ = {
			isa = PBXShellScriptBuildPhase;
			buildActionMask = 2147483647;
			files = (
			);
			inputFileListPaths = (
			);
			inputPaths = (
				"${PODS_PODFILE_DIR_PATH}/Podfile.lock",
				"${PODS_ROOT}/Manifest.lock",
			);
			name = "[CP] Check Pods Manifest.lock";
			outputFileListPaths = (
			);
			outputPaths = (
				"$(DERIVED_FILE_DIR)/Pods-KinokzCopyTests-checkManifestLockResult.txt",
			);
			runOnlyForDeploymentPostprocessing = 0;
			shellPath = /bin/sh;
			shellScript = "diff \"${PODS_PODFILE_DIR_PATH}/Podfile.lock\" \"${PODS_ROOT}/Manifest.lock\" > /dev/null\nif [ $? != 0 ] ; then\n    # print error to STDERR\n    echo \"error: The sandbox is not in sync with the Podfile.lock. Run 'pod install' or update your CocoaPods installation.\" >&2\n    exit 1\nfi\n# This output is used by Xcode 'outputs' to avoid re-running this script phase.\necho \"SUCCESS\" > \"${SCRIPT_OUTPUT_FILE_0}\"\n";
			showEnvVarsInLog = 0;
		};
		80FC35A1D10560C58B684B43 /* [CP] Check Pods Manifest.lock */ = {
			isa = PBXShellScriptBuildPhase;
			buildActionMask = 2147483647;
			files = (
			);
			inputFileListPaths = (
			);
			inputPaths = (
				"${PODS_PODFILE_DIR_PATH}/Podfile.lock",
				"${PODS_ROOT}/Manifest.lock",
			);
			name = "[CP] Check Pods Manifest.lock";
			outputFileListPaths = (
			);
			outputPaths = (
				"$(DERIVED_FILE_DIR)/Pods-KinokzCopy-KinokzCopyUITests-checkManifestLockResult.txt",
			);
			runOnlyForDeploymentPostprocessing = 0;
			shellPath = /bin/sh;
			shellScript = "diff \"${PODS_PODFILE_DIR_PATH}/Podfile.lock\" \"${PODS_ROOT}/Manifest.lock\" > /dev/null\nif [ $? != 0 ] ; then\n    # print error to STDERR\n    echo \"error: The sandbox is not in sync with the Podfile.lock. Run 'pod install' or update your CocoaPods installation.\" >&2\n    exit 1\nfi\n# This output is used by Xcode 'outputs' to avoid re-running this script phase.\necho \"SUCCESS\" > \"${SCRIPT_OUTPUT_FILE_0}\"\n";
			showEnvVarsInLog = 0;
		};
		F108EC579CD922D26C5911C3 /* [CP] Check Pods Manifest.lock */ = {
			isa = PBXShellScriptBuildPhase;
			buildActionMask = 2147483647;
			files = (
			);
			inputFileListPaths = (
			);
			inputPaths = (
				"${PODS_PODFILE_DIR_PATH}/Podfile.lock",
				"${PODS_ROOT}/Manifest.lock",
			);
			name = "[CP] Check Pods Manifest.lock";
			outputFileListPaths = (
			);
			outputPaths = (
				"$(DERIVED_FILE_DIR)/Pods-KinokzCopy-checkManifestLockResult.txt",
			);
			runOnlyForDeploymentPostprocessing = 0;
			shellPath = /bin/sh;
			shellScript = "diff \"${PODS_PODFILE_DIR_PATH}/Podfile.lock\" \"${PODS_ROOT}/Manifest.lock\" > /dev/null\nif [ $? != 0 ] ; then\n    # print error to STDERR\n    echo \"error: The sandbox is not in sync with the Podfile.lock. Run 'pod install' or update your CocoaPods installation.\" >&2\n    exit 1\nfi\n# This output is used by Xcode 'outputs' to avoid re-running this script phase.\necho \"SUCCESS\" > \"${SCRIPT_OUTPUT_FILE_0}\"\n";
			showEnvVarsInLog = 0;
		};
		F53EC995EA17EAA460F692C0 /* [CP] Embed Pods Frameworks */ = {
			isa = PBXShellScriptBuildPhase;
			buildActionMask = 2147483647;
			files = (
			);
			inputFileListPaths = (
				"${PODS_ROOT}/Target Support Files/Pods-KinokzCopy/Pods-KinokzCopy-frameworks-${CONFIGURATION}-input-files.xcfilelist",
			);
			name = "[CP] Embed Pods Frameworks";
			outputFileListPaths = (
				"${PODS_ROOT}/Target Support Files/Pods-KinokzCopy/Pods-KinokzCopy-frameworks-${CONFIGURATION}-output-files.xcfilelist",
			);
			runOnlyForDeploymentPostprocessing = 0;
			shellPath = /bin/sh;
			shellScript = "\"${PODS_ROOT}/Target Support Files/Pods-KinokzCopy/Pods-KinokzCopy-frameworks.sh\"\n";
			showEnvVarsInLog = 0;
		};
/* End PBXShellScriptBuildPhase section */

/* Begin PBXSourcesBuildPhase section */
		12FC871B2A7BE65F00717196 /* Sources */ = {
			isa = PBXSourcesBuildPhase;
			buildActionMask = 2147483647;
			files = (
				12FC876A2A7BEBFE00717196 /* MovieCell.swift in Sources */,
				12FC87272A7BE65F00717196 /* ViewController.swift in Sources */,
				12FC87662A7BEBEB00717196 /* DataCell.swift in Sources */,
				12FC87622A7BEBDA00717196 /* ConcertCell.swift in Sources */,
				12FC87232A7BE65F00717196 /* AppDelegate.swift in Sources */,
				12FC87252A7BE65F00717196 /* SceneDelegate.swift in Sources */,
				12FC875E2A7BEB9B00717196 /* TopCell.swift in Sources */,
			);
			runOnlyForDeploymentPostprocessing = 0;
		};
		12FC87312A7BE66000717196 /* Sources */ = {
			isa = PBXSourcesBuildPhase;
			buildActionMask = 2147483647;
			files = (
			);
			runOnlyForDeploymentPostprocessing = 0;
		};
		12FC873B2A7BE66000717196 /* Sources */ = {
			isa = PBXSourcesBuildPhase;
			buildActionMask = 2147483647;
			files = (
			);
			runOnlyForDeploymentPostprocessing = 0;
		};
/* End PBXSourcesBuildPhase section */

/* Begin PBXTargetDependency section */
		12FC87372A7BE66000717196 /* PBXTargetDependency */ = {
			isa = PBXTargetDependency;
			target = 12FC871E2A7BE65F00717196 /* KinokzCopy */;
			targetProxy = 12FC87362A7BE66000717196 /* PBXContainerItemProxy */;
		};
		12FC87412A7BE66000717196 /* PBXTargetDependency */ = {
			isa = PBXTargetDependency;
			target = 12FC871E2A7BE65F00717196 /* KinokzCopy */;
			targetProxy = 12FC87402A7BE66000717196 /* PBXContainerItemProxy */;
		};
/* End PBXTargetDependency section */

/* Begin PBXVariantGroup section */
		12FC87282A7BE65F00717196 /* Main.storyboard */ = {
			isa = PBXVariantGroup;
			children = (
				12FC87292A7BE65F00717196 /* Base */,
			);
			name = Main.storyboard;
			sourceTree = "<group>";
		};
		12FC872D2A7BE66000717196 /* LaunchScreen.storyboard */ = {
			isa = PBXVariantGroup;
			children = (
				12FC872E2A7BE66000717196 /* Base */,
			);
			name = LaunchScreen.storyboard;
			sourceTree = "<group>";
		};
/* End PBXVariantGroup section */

/* Begin XCBuildConfiguration section */
		12FC87472A7BE66000717196 /* Debug */ = {
			isa = XCBuildConfiguration;
			buildSettings = {
				ALWAYS_SEARCH_USER_PATHS = NO;
				CLANG_ANALYZER_NONNULL = YES;
				CLANG_ANALYZER_NUMBER_OBJECT_CONVERSION = YES_AGGRESSIVE;
				CLANG_CXX_LANGUAGE_STANDARD = "gnu++20";
				CLANG_ENABLE_MODULES = YES;
				CLANG_ENABLE_OBJC_ARC = YES;
				CLANG_ENABLE_OBJC_WEAK = YES;
				CLANG_WARN_BLOCK_CAPTURE_AUTORELEASING = YES;
				CLANG_WARN_BOOL_CONVERSION = YES;
				CLANG_WARN_COMMA = YES;
				CLANG_WARN_CONSTANT_CONVERSION = YES;
				CLANG_WARN_DEPRECATED_OBJC_IMPLEMENTATIONS = YES;
				CLANG_WARN_DIRECT_OBJC_ISA_USAGE = YES_ERROR;
				CLANG_WARN_DOCUMENTATION_COMMENTS = YES;
				CLANG_WARN_EMPTY_BODY = YES;
				CLANG_WARN_ENUM_CONVERSION = YES;
				CLANG_WARN_INFINITE_RECURSION = YES;
				CLANG_WARN_INT_CONVERSION = YES;
				CLANG_WARN_NON_LITERAL_NULL_CONVERSION = YES;
				CLANG_WARN_OBJC_IMPLICIT_RETAIN_SELF = YES;
				CLANG_WARN_OBJC_LITERAL_CONVERSION = YES;
				CLANG_WARN_OBJC_ROOT_CLASS = YES_ERROR;
				CLANG_WARN_QUOTED_INCLUDE_IN_FRAMEWORK_HEADER = YES;
				CLANG_WARN_RANGE_LOOP_ANALYSIS = YES;
				CLANG_WARN_STRICT_PROTOTYPES = YES;
				CLANG_WARN_SUSPICIOUS_MOVE = YES;
				CLANG_WARN_UNGUARDED_AVAILABILITY = YES_AGGRESSIVE;
				CLANG_WARN_UNREACHABLE_CODE = YES;
				CLANG_WARN__DUPLICATE_METHOD_MATCH = YES;
				COPY_PHASE_STRIP = NO;
				DEBUG_INFORMATION_FORMAT = dwarf;
				ENABLE_STRICT_OBJC_MSGSEND = YES;
				ENABLE_TESTABILITY = YES;
				GCC_C_LANGUAGE_STANDARD = gnu11;
				GCC_DYNAMIC_NO_PIC = NO;
				GCC_NO_COMMON_BLOCKS = YES;
				GCC_OPTIMIZATION_LEVEL = 0;
				GCC_PREPROCESSOR_DEFINITIONS = (
					"DEBUG=1",
					"$(inherited)",
				);
				GCC_WARN_64_TO_32_BIT_CONVERSION = YES;
				GCC_WARN_ABOUT_RETURN_TYPE = YES_ERROR;
				GCC_WARN_UNDECLARED_SELECTOR = YES;
				GCC_WARN_UNINITIALIZED_AUTOS = YES_AGGRESSIVE;
				GCC_WARN_UNUSED_FUNCTION = YES;
				GCC_WARN_UNUSED_VARIABLE = YES;
				IPHONEOS_DEPLOYMENT_TARGET = 16.4;
				MTL_ENABLE_DEBUG_INFO = INCLUDE_SOURCE;
				MTL_FAST_MATH = YES;
				ONLY_ACTIVE_ARCH = YES;
				SDKROOT = iphoneos;
				SWIFT_ACTIVE_COMPILATION_CONDITIONS = DEBUG;
				SWIFT_OPTIMIZATION_LEVEL = "-Onone";
			};
			name = Debug;
		};
		12FC87482A7BE66000717196 /* Release */ = {
			isa = XCBuildConfiguration;
			buildSettings = {
				ALWAYS_SEARCH_USER_PATHS = NO;
				CLANG_ANALYZER_NONNULL = YES;
				CLANG_ANALYZER_NUMBER_OBJECT_CONVERSION = YES_AGGRESSIVE;
				CLANG_CXX_LANGUAGE_STANDARD = "gnu++20";
				CLANG_ENABLE_MODULES = YES;
				CLANG_ENABLE_OBJC_ARC = YES;
				CLANG_ENABLE_OBJC_WEAK = YES;
				CLANG_WARN_BLOCK_CAPTURE_AUTORELEASING = YES;
				CLANG_WARN_BOOL_CONVERSION = YES;
				CLANG_WARN_COMMA = YES;
				CLANG_WARN_CONSTANT_CONVERSION = YES;
				CLANG_WARN_DEPRECATED_OBJC_IMPLEMENTATIONS = YES;
				CLANG_WARN_DIRECT_OBJC_ISA_USAGE = YES_ERROR;
				CLANG_WARN_DOCUMENTATION_COMMENTS = YES;
				CLANG_WARN_EMPTY_BODY = YES;
				CLANG_WARN_ENUM_CONVERSION = YES;
				CLANG_WARN_INFINITE_RECURSION = YES;
				CLANG_WARN_INT_CONVERSION = YES;
				CLANG_WARN_NON_LITERAL_NULL_CONVERSION = YES;
				CLANG_WARN_OBJC_IMPLICIT_RETAIN_SELF = YES;
				CLANG_WARN_OBJC_LITERAL_CONVERSION = YES;
				CLANG_WARN_OBJC_ROOT_CLASS = YES_ERROR;
				CLANG_WARN_QUOTED_INCLUDE_IN_FRAMEWORK_HEADER = YES;
				CLANG_WARN_RANGE_LOOP_ANALYSIS = YES;
				CLANG_WARN_STRICT_PROTOTYPES = YES;
				CLANG_WARN_SUSPICIOUS_MOVE = YES;
				CLANG_WARN_UNGUARDED_AVAILABILITY = YES_AGGRESSIVE;
				CLANG_WARN_UNREACHABLE_CODE = YES;
				CLANG_WARN__DUPLICATE_METHOD_MATCH = YES;
				COPY_PHASE_STRIP = NO;
				DEBUG_INFORMATION_FORMAT = "dwarf-with-dsym";
				ENABLE_NS_ASSERTIONS = NO;
				ENABLE_STRICT_OBJC_MSGSEND = YES;
				GCC_C_LANGUAGE_STANDARD = gnu11;
				GCC_NO_COMMON_BLOCKS = YES;
				GCC_WARN_64_TO_32_BIT_CONVERSION = YES;
				GCC_WARN_ABOUT_RETURN_TYPE = YES_ERROR;
				GCC_WARN_UNDECLARED_SELECTOR = YES;
				GCC_WARN_UNINITIALIZED_AUTOS = YES_AGGRESSIVE;
				GCC_WARN_UNUSED_FUNCTION = YES;
				GCC_WARN_UNUSED_VARIABLE = YES;
				IPHONEOS_DEPLOYMENT_TARGET = 16.4;
				MTL_ENABLE_DEBUG_INFO = NO;
				MTL_FAST_MATH = YES;
				SDKROOT = iphoneos;
				SWIFT_COMPILATION_MODE = wholemodule;
				SWIFT_OPTIMIZATION_LEVEL = "-O";
				VALIDATE_PRODUCT = YES;
			};
			name = Release;
		};
		12FC874A2A7BE66000717196 /* Debug */ = {
			isa = XCBuildConfiguration;
			baseConfigurationReference = 2D114E90F671CAFD18AD77C3 /* Pods-KinokzCopy.debug.xcconfig */;
			buildSettings = {
				ASSETCATALOG_COMPILER_APPICON_NAME = AppIcon;
				ASSETCATALOG_COMPILER_GLOBAL_ACCENT_COLOR_NAME = AccentColor;
				CODE_SIGN_STYLE = Automatic;
				CURRENT_PROJECT_VERSION = 1;
				GENERATE_INFOPLIST_FILE = YES;
				INFOPLIST_FILE = KinokzCopy/Info.plist;
				INFOPLIST_KEY_UIApplicationSupportsIndirectInputEvents = YES;
				INFOPLIST_KEY_UILaunchStoryboardName = LaunchScreen;
				INFOPLIST_KEY_UIMainStoryboardFile = Main;
				INFOPLIST_KEY_UISupportedInterfaceOrientations_iPad = "UIInterfaceOrientationPortrait UIInterfaceOrientationPortraitUpsideDown UIInterfaceOrientationLandscapeLeft UIInterfaceOrientationLandscapeRight";
				INFOPLIST_KEY_UISupportedInterfaceOrientations_iPhone = "UIInterfaceOrientationPortrait UIInterfaceOrientationLandscapeLeft UIInterfaceOrientationLandscapeRight";
				LD_RUNPATH_SEARCH_PATHS = (
					"$(inherited)",
					"@executable_path/Frameworks",
				);
				MARKETING_VERSION = 1.0;
				PRODUCT_BUNDLE_IDENTIFIER = Akaev.KinokzCopy;
				PRODUCT_NAME = "$(TARGET_NAME)";
				SWIFT_EMIT_LOC_STRINGS = YES;
				SWIFT_VERSION = 5.0;
				TARGETED_DEVICE_FAMILY = "1,2";
			};
			name = Debug;
		};
		12FC874B2A7BE66000717196 /* Release */ = {
			isa = XCBuildConfiguration;
			baseConfigurationReference = 3780610D69B788C099BE7C4F /* Pods-KinokzCopy.release.xcconfig */;
			buildSettings = {
				ASSETCATALOG_COMPILER_APPICON_NAME = AppIcon;
				ASSETCATALOG_COMPILER_GLOBAL_ACCENT_COLOR_NAME = AccentColor;
				CODE_SIGN_STYLE = Automatic;
				CURRENT_PROJECT_VERSION = 1;
				GENERATE_INFOPLIST_FILE = YES;
				INFOPLIST_FILE = KinokzCopy/Info.plist;
				INFOPLIST_KEY_UIApplicationSupportsIndirectInputEvents = YES;
				INFOPLIST_KEY_UILaunchStoryboardName = LaunchScreen;
				INFOPLIST_KEY_UIMainStoryboardFile = Main;
				INFOPLIST_KEY_UISupportedInterfaceOrientations_iPad = "UIInterfaceOrientationPortrait UIInterfaceOrientationPortraitUpsideDown UIInterfaceOrientationLandscapeLeft UIInterfaceOrientationLandscapeRight";
				INFOPLIST_KEY_UISupportedInterfaceOrientations_iPhone = "UIInterfaceOrientationPortrait UIInterfaceOrientationLandscapeLeft UIInterfaceOrientationLandscapeRight";
				LD_RUNPATH_SEARCH_PATHS = (
					"$(inherited)",
					"@executable_path/Frameworks",
				);
				MARKETING_VERSION = 1.0;
				PRODUCT_BUNDLE_IDENTIFIER = Akaev.KinokzCopy;
				PRODUCT_NAME = "$(TARGET_NAME)";
				SWIFT_EMIT_LOC_STRINGS = YES;
				SWIFT_VERSION = 5.0;
				TARGETED_DEVICE_FAMILY = "1,2";
			};
			name = Release;
		};
		12FC874D2A7BE66000717196 /* Debug */ = {
			isa = XCBuildConfiguration;
			baseConfigurationReference = 70211507534092E8856CF061 /* Pods-KinokzCopyTests.debug.xcconfig */;
			buildSettings = {
				ALWAYS_EMBED_SWIFT_STANDARD_LIBRARIES = YES;
				BUNDLE_LOADER = "$(TEST_HOST)";
				CODE_SIGN_STYLE = Automatic;
				CURRENT_PROJECT_VERSION = 1;
				GENERATE_INFOPLIST_FILE = YES;
				IPHONEOS_DEPLOYMENT_TARGET = 16.4;
				MARKETING_VERSION = 1.0;
				PRODUCT_BUNDLE_IDENTIFIER = Akaev.KinokzCopyTests;
				PRODUCT_NAME = "$(TARGET_NAME)";
				SWIFT_EMIT_LOC_STRINGS = NO;
				SWIFT_VERSION = 5.0;
				TARGETED_DEVICE_FAMILY = "1,2";
				TEST_HOST = "$(BUILT_PRODUCTS_DIR)/KinokzCopy.app/$(BUNDLE_EXECUTABLE_FOLDER_PATH)/KinokzCopy";
			};
			name = Debug;
		};
		12FC874E2A7BE66000717196 /* Release */ = {
			isa = XCBuildConfiguration;
			baseConfigurationReference = CEB104115E9D264C72BC989F /* Pods-KinokzCopyTests.release.xcconfig */;
			buildSettings = {
				ALWAYS_EMBED_SWIFT_STANDARD_LIBRARIES = YES;
				BUNDLE_LOADER = "$(TEST_HOST)";
				CODE_SIGN_STYLE = Automatic;
				CURRENT_PROJECT_VERSION = 1;
				GENERATE_INFOPLIST_FILE = YES;
				IPHONEOS_DEPLOYMENT_TARGET = 16.4;
				MARKETING_VERSION = 1.0;
				PRODUCT_BUNDLE_IDENTIFIER = Akaev.KinokzCopyTests;
				PRODUCT_NAME = "$(TARGET_NAME)";
				SWIFT_EMIT_LOC_STRINGS = NO;
				SWIFT_VERSION = 5.0;
				TARGETED_DEVICE_FAMILY = "1,2";
				TEST_HOST = "$(BUILT_PRODUCTS_DIR)/KinokzCopy.app/$(BUNDLE_EXECUTABLE_FOLDER_PATH)/KinokzCopy";
			};
			name = Release;
		};
		12FC87502A7BE66000717196 /* Debug */ = {
			isa = XCBuildConfiguration;
			baseConfigurationReference = E20AAD99AADD1462A0E31C5A /* Pods-KinokzCopy-KinokzCopyUITests.debug.xcconfig */;
			buildSettings = {
				ALWAYS_EMBED_SWIFT_STANDARD_LIBRARIES = YES;
				CODE_SIGN_STYLE = Automatic;
				CURRENT_PROJECT_VERSION = 1;
				GENERATE_INFOPLIST_FILE = YES;
				MARKETING_VERSION = 1.0;
				PRODUCT_BUNDLE_IDENTIFIER = Akaev.KinokzCopyUITests;
				PRODUCT_NAME = "$(TARGET_NAME)";
				SWIFT_EMIT_LOC_STRINGS = NO;
				SWIFT_VERSION = 5.0;
				TARGETED_DEVICE_FAMILY = "1,2";
				TEST_TARGET_NAME = KinokzCopy;
			};
			name = Debug;
		};
		12FC87512A7BE66000717196 /* Release */ = {
			isa = XCBuildConfiguration;
			baseConfigurationReference = D19BB93B77CD376F01ED60A9 /* Pods-KinokzCopy-KinokzCopyUITests.release.xcconfig */;
			buildSettings = {
				ALWAYS_EMBED_SWIFT_STANDARD_LIBRARIES = YES;
				CODE_SIGN_STYLE = Automatic;
				CURRENT_PROJECT_VERSION = 1;
				GENERATE_INFOPLIST_FILE = YES;
				MARKETING_VERSION = 1.0;
				PRODUCT_BUNDLE_IDENTIFIER = Akaev.KinokzCopyUITests;
				PRODUCT_NAME = "$(TARGET_NAME)";
				SWIFT_EMIT_LOC_STRINGS = NO;
				SWIFT_VERSION = 5.0;
				TARGETED_DEVICE_FAMILY = "1,2";
				TEST_TARGET_NAME = KinokzCopy;
			};
			name = Release;
		};
/* End XCBuildConfiguration section */

/* Begin XCConfigurationList section */
		12FC871A2A7BE65F00717196 /* Build configuration list for PBXProject "KinokzCopy" */ = {
			isa = XCConfigurationList;
			buildConfigurations = (
				12FC87472A7BE66000717196 /* Debug */,
				12FC87482A7BE66000717196 /* Release */,
			);
			defaultConfigurationIsVisible = 0;
			defaultConfigurationName = Release;
		};
		12FC87492A7BE66000717196 /* Build configuration list for PBXNativeTarget "KinokzCopy" */ = {
			isa = XCConfigurationList;
			buildConfigurations = (
				12FC874A2A7BE66000717196 /* Debug */,
				12FC874B2A7BE66000717196 /* Release */,
			);
			defaultConfigurationIsVisible = 0;
			defaultConfigurationName = Release;
		};
		12FC874C2A7BE66000717196 /* Build configuration list for PBXNativeTarget "KinokzCopyTests" */ = {
			isa = XCConfigurationList;
			buildConfigurations = (
				12FC874D2A7BE66000717196 /* Debug */,
				12FC874E2A7BE66000717196 /* Release */,
			);
			defaultConfigurationIsVisible = 0;
			defaultConfigurationName = Release;
		};
		12FC874F2A7BE66000717196 /* Build configuration list for PBXNativeTarget "KinokzCopyUITests" */ = {
			isa = XCConfigurationList;
			buildConfigurations = (
				12FC87502A7BE66000717196 /* Debug */,
				12FC87512A7BE66000717196 /* Release */,
			);
			defaultConfigurationIsVisible = 0;
			defaultConfigurationName = Release;
		};
/* End XCConfigurationList section */
	};
	rootObject = 12FC87172A7BE65F00717196 /* Project object */;
}
